{
  "version": 4,
  "terraform_version": "1.1.2",
  "serial": 412,
  "lineage": "1efa6494-b00b-a93a-508f-40f2e2ab24f9",
  "outputs": {
    "Windows_hostnames": {
      "value": [
        [
          "terraform-w-vm1"
        ]
      ],
      "type": [
        "tuple",
        [
          [
            "tuple",
            [
              "string"
            ]
          ]
        ]
      ]
    },
    "Windows_private_ip_addresses": {
      "value": [
        [
          "10.0.1.4"
        ]
      ],
      "type": [
        "tuple",
        [
          [
            "tuple",
            [
              "string"
            ]
          ]
        ]
      ]
    },
    "Windows_public_ip_addresses": {
      "value": [
        [
          "52.165.40.223"
        ]
      ],
      "type": [
        "tuple",
        [
          [
            "tuple",
            [
              "string"
            ]
          ]
        ]
      ]
    },
    "db_name": {
      "value": "psql-db6579",
      "type": "string"
    },
    "law_name": {
      "value": "lawayush",
      "type": "string"
    },
    "lb_name": {
      "value": "LoadBalancer6579",
      "type": "string"
    },
    "linux_hostnames": {
      "value": [
        [
          [
            "terraform-u-vm1",
            "terraform-u-vm2"
          ]
        ]
      ],
      "type": [
        "tuple",
        [
          [
            "tuple",
            [
              [
                "tuple",
                [
                  "string",
                  "string"
                ]
              ]
            ]
          ]
        ]
      ]
    },
    "linux_private_ip_addresses": {
      "value": [
        [
          [
            "10.0.1.6",
            "10.0.1.5"
          ]
        ]
      ],
      "type": [
        "tuple",
        [
          [
            "tuple",
            [
              [
                "tuple",
                [
                  "string",
                  "string"
                ]
              ]
            ]
          ]
        ]
      ]
    },
    "linux_public_ip_addresses": {
      "value": [
        [
          [
            "23.99.198.218",
            "13.67.129.87"
          ]
        ]
      ],
      "type": [
        "tuple",
        [
          [
            "tuple",
            [
              [
                "tuple",
                [
                  "string",
                  "string"
                ]
              ]
            ]
          ]
        ]
      ]
    },
    "rg_group": {
      "value": "6579-assignment1-RG",
      "type": "string"
    },
    "rv_name": {
      "value": "ayushrv",
      "type": "string"
    },
    "sa_name": {
      "value": "ayushlrssa",
      "type": "string"
    },
    "subnet1_name": {
      "value": "subnet1",
      "type": "string"
    },
    "vnet_name": {
      "value": "vnet1",
      "type": "string"
    }
  },
  "resources": [
    {
      "module": "module.common",
      "mode": "managed",
      "type": "azurerm_log_analytics_workspace",
      "name": "la_workspace",
      "provider": "provider[\"registry.terraform.io/hashicorp/azurerm\"]",
      "instances": [
        {
          "schema_version": 2,
          "attributes": {
            "daily_quota_gb": -1,
            "id": "/subscriptions/34e8df70-5767-4379-8032-f7153fed209b/resourceGroups/6579-assignment1-RG/providers/Microsoft.OperationalInsights/workspaces/lawayush",
            "internet_ingestion_enabled": true,
            "internet_query_enabled": true,
            "location": "centralus",
            "name": "lawayush",
            "portal_url": "",
            "primary_shared_key": "25MqqZvsxSQf1p0XTy4O9TrvKnbgVMN4W3r/YOxkyUrXMhegi3d9ouEr1C/uAkrUQYK+D/5Jwp6qfYHBU07BIQ==",
            "reservation_capacity_in_gb_per_day": null,
            "reservation_capcity_in_gb_per_day": null,
            "resource_group_name": "6579-assignment1-RG",
            "retention_in_days": 30,
            "secondary_shared_key": "/1gzehx5Hbtrou4LAQuvFqry1M+cRiqjFJyvQmo2qoFILcXUQGsIkudUP+wjZaAB2V5oJdWiYBPTQHJxdTyyjQ==",
            "sku": "pergb2018",
            "tags": {
              "Environment": "Lab",
              "ExpirationDate": "2022-03-08",
              "Name": "Ayush.Jain",
              "Project": "Automation Project – Assignment 1"
            },
            "timeouts": null,
            "workspace_id": "beb0234b-112e-49b8-9ec7-997750a24be9"
          },
          "sensitive_attributes": [],
          "private": "eyJlMmJmYjczMC1lY2FhLTExZTYtOGY4OC0zNDM2M2JjN2M0YzAiOnsiY3JlYXRlIjoxODAwMDAwMDAwMDAwLCJkZWxldGUiOjE4MDAwMDAwMDAwMDAsInJlYWQiOjMwMDAwMDAwMDAwMCwidXBkYXRlIjoxODAwMDAwMDAwMDAwfSwic2NoZW1hX3ZlcnNpb24iOiIyIn0=",
          "dependencies": [
            "module.rgroup.azurerm_resource_group.rg_group"
          ]
        }
      ]
    },
    {
      "module": "module.common",
      "mode": "managed",
      "type": "azurerm_recovery_services_vault",
      "name": "vault",
      "provider": "provider[\"registry.terraform.io/hashicorp/azurerm\"]",
      "instances": [
        {
          "schema_version": 0,
          "attributes": {
            "encryption": [],
            "id": "/subscriptions/34e8df70-5767-4379-8032-f7153fed209b/resourceGroups/6579-assignment1-RG/providers/Microsoft.RecoveryServices/vaults/ayushrv",
            "identity": [],
            "location": "centralus",
            "name": "ayushrv",
            "resource_group_name": "6579-assignment1-RG",
            "sku": "Standard",
            "soft_delete_enabled": true,
            "storage_mode_type": "GeoRedundant",
            "tags": {
              "Environment": "Lab",
              "ExpirationDate": "2022-03-08",
              "Name": "Ayush.Jain",
              "Project": "Automation Project – Assignment 1"
            },
            "timeouts": null
          },
          "sensitive_attributes": [],
          "private": "eyJlMmJmYjczMC1lY2FhLTExZTYtOGY4OC0zNDM2M2JjN2M0YzAiOnsiY3JlYXRlIjoxODAwMDAwMDAwMDAwLCJkZWxldGUiOjE4MDAwMDAwMDAwMDAsInJlYWQiOjMwMDAwMDAwMDAwMCwidXBkYXRlIjoxODAwMDAwMDAwMDAwfX0=",
          "dependencies": [
            "module.rgroup.azurerm_resource_group.rg_group"
          ]
        }
      ]
    },
    {
      "module": "module.common",
      "mode": "managed",
      "type": "azurerm_storage_account",
      "name": "storage_acc",
      "provider": "provider[\"registry.terraform.io/hashicorp/azurerm\"]",
      "instances": [
        {
          "schema_version": 2,
          "attributes": {
            "access_tier": "Hot",
            "account_kind": "StorageV2",
            "account_replication_type": "LRS",
            "account_tier": "Standard",
            "allow_blob_public_access": false,
            "azure_files_authentication": [],
            "blob_properties": [
              {
                "change_feed_enabled": false,
                "container_delete_retention_policy": [],
                "cors_rule": [],
                "default_service_version": "",
                "delete_retention_policy": [],
                "last_access_time_enabled": false,
                "versioning_enabled": false
              }
            ],
            "custom_domain": [],
            "customer_managed_key": [],
            "enable_https_traffic_only": true,
            "id": "/subscriptions/34e8df70-5767-4379-8032-f7153fed209b/resourceGroups/6579-assignment1-RG/providers/Microsoft.Storage/storageAccounts/ayushlrssa",
            "identity": [],
            "infrastructure_encryption_enabled": false,
            "is_hns_enabled": false,
            "large_file_share_enabled": null,
            "location": "centralus",
            "min_tls_version": "TLS1_0",
            "name": "ayushlrssa",
            "network_rules": [
              {
                "bypass": [
                  "AzureServices"
                ],
                "default_action": "Allow",
                "ip_rules": [],
                "private_link_access": [],
                "virtual_network_subnet_ids": []
              }
            ],
            "nfsv3_enabled": false,
            "primary_access_key": "dNSSfT6UH30tXVEAANW80gb/TPEA7mhCNE37GiokHh7dMO/1sypCph0A1XjdtctXvDsQCdtiGWv4sKTSKl1ryg==",
            "primary_blob_connection_string": "DefaultEndpointsProtocol=https;BlobEndpoint=https://ayushlrssa.blob.core.windows.net/;AccountName=ayushlrssa;AccountKey=dNSSfT6UH30tXVEAANW80gb/TPEA7mhCNE37GiokHh7dMO/1sypCph0A1XjdtctXvDsQCdtiGWv4sKTSKl1ryg==",
            "primary_blob_endpoint": "https://ayushlrssa.blob.core.windows.net/",
            "primary_blob_host": "ayushlrssa.blob.core.windows.net",
            "primary_connection_string": "DefaultEndpointsProtocol=https;AccountName=ayushlrssa;AccountKey=dNSSfT6UH30tXVEAANW80gb/TPEA7mhCNE37GiokHh7dMO/1sypCph0A1XjdtctXvDsQCdtiGWv4sKTSKl1ryg==;EndpointSuffix=core.windows.net",
            "primary_dfs_endpoint": "https://ayushlrssa.dfs.core.windows.net/",
            "primary_dfs_host": "ayushlrssa.dfs.core.windows.net",
            "primary_file_endpoint": "https://ayushlrssa.file.core.windows.net/",
            "primary_file_host": "ayushlrssa.file.core.windows.net",
            "primary_location": "centralus",
            "primary_queue_endpoint": "https://ayushlrssa.queue.core.windows.net/",
            "primary_queue_host": "ayushlrssa.queue.core.windows.net",
            "primary_table_endpoint": "https://ayushlrssa.table.core.windows.net/",
            "primary_table_host": "ayushlrssa.table.core.windows.net",
            "primary_web_endpoint": "https://ayushlrssa.z19.web.core.windows.net/",
            "primary_web_host": "ayushlrssa.z19.web.core.windows.net",
            "queue_encryption_key_type": "Service",
            "queue_properties": [
              {
                "cors_rule": [],
                "hour_metrics": [
                  {
                    "enabled": true,
                    "include_apis": true,
                    "retention_policy_days": 7,
                    "version": "1.0"
                  }
                ],
                "logging": [
                  {
                    "delete": false,
                    "read": false,
                    "retention_policy_days": 0,
                    "version": "1.0",
                    "write": false
                  }
                ],
                "minute_metrics": [
                  {
                    "enabled": false,
                    "include_apis": false,
                    "retention_policy_days": 0,
                    "version": "1.0"
                  }
                ]
              }
            ],
            "resource_group_name": "6579-assignment1-RG",
            "routing": [],
            "secondary_access_key": "Bfku3vhOeRJ1f4QtuI4/0mTnOcwwxWp9F9YRwbMGa2ARS8X7xDxC5hcr4CFKt4F/WhgyT/SelCPNJLzxKYfUPw==",
            "secondary_blob_connection_string": "",
            "secondary_blob_endpoint": null,
            "secondary_blob_host": null,
            "secondary_connection_string": "DefaultEndpointsProtocol=https;AccountName=ayushlrssa;AccountKey=Bfku3vhOeRJ1f4QtuI4/0mTnOcwwxWp9F9YRwbMGa2ARS8X7xDxC5hcr4CFKt4F/WhgyT/SelCPNJLzxKYfUPw==;EndpointSuffix=core.windows.net",
            "secondary_dfs_endpoint": null,
            "secondary_dfs_host": null,
            "secondary_file_endpoint": null,
            "secondary_file_host": null,
            "secondary_location": "",
            "secondary_queue_endpoint": null,
            "secondary_queue_host": null,
            "secondary_table_endpoint": null,
            "secondary_table_host": null,
            "secondary_web_endpoint": null,
            "secondary_web_host": null,
            "share_properties": [
              {
                "cors_rule": [],
                "retention_policy": [
                  {
                    "days": 7
                  }
                ],
                "smb": []
              }
            ],
            "shared_access_key_enabled": true,
            "static_website": [],
            "table_encryption_key_type": "Service",
            "tags": {
              "Environment": "Lab",
              "ExpirationDate": "2022-03-08",
              "Name": "Ayush.Jain",
              "Project": "Automation Project – Assignment 1"
            },
            "timeouts": null
          },
          "sensitive_attributes": [],
          "private": "eyJlMmJmYjczMC1lY2FhLTExZTYtOGY4OC0zNDM2M2JjN2M0YzAiOnsiY3JlYXRlIjozNjAwMDAwMDAwMDAwLCJkZWxldGUiOjM2MDAwMDAwMDAwMDAsInJlYWQiOjMwMDAwMDAwMDAwMCwidXBkYXRlIjozNjAwMDAwMDAwMDAwfSwic2NoZW1hX3ZlcnNpb24iOiIyIn0=",
          "dependencies": [
            "module.rgroup.azurerm_resource_group.rg_group"
          ]
        }
      ]
    },
    {
      "module": "module.database",
      "mode": "managed",
      "type": "azurerm_postgresql_database",
      "name": "psqldb",
      "provider": "provider[\"registry.terraform.io/hashicorp/azurerm\"]",
      "instances": [
        {
          "schema_version": 0,
          "attributes": {
            "charset": "UTF8",
            "collation": "English_United States.1252",
            "id": "/subscriptions/34e8df70-5767-4379-8032-f7153fed209b/resourceGroups/6579-assignment1-RG/providers/Microsoft.DBforPostgreSQL/servers/postgresql-server-ayush6579/databases/psql-db6579",
            "name": "psql-db6579",
            "resource_group_name": "6579-assignment1-RG",
            "server_name": "postgresql-server-ayush6579",
            "timeouts": null
          },
          "sensitive_attributes": [],
          "private": "eyJlMmJmYjczMC1lY2FhLTExZTYtOGY4OC0zNDM2M2JjN2M0YzAiOnsiY3JlYXRlIjozNjAwMDAwMDAwMDAwLCJkZWxldGUiOjM2MDAwMDAwMDAwMDAsInJlYWQiOjMwMDAwMDAwMDAwMCwidXBkYXRlIjozNjAwMDAwMDAwMDAwfX0=",
          "dependencies": [
            "module.database.azurerm_postgresql_server.psqls",
            "module.rgroup.azurerm_resource_group.rg_group"
          ]
        }
      ]
    },
    {
      "module": "module.database",
      "mode": "managed",
      "type": "azurerm_postgresql_server",
      "name": "psqls",
      "provider": "provider[\"registry.terraform.io/hashicorp/azurerm\"]",
      "instances": [
        {
          "schema_version": 0,
          "attributes": {
            "administrator_login": "ayush6579",
            "administrator_login_password": "Ayush@6579",
            "auto_grow_enabled": true,
            "backup_retention_days": 7,
            "create_mode": "Default",
            "creation_source_server_id": null,
            "fqdn": "postgresql-server-ayush6579.postgres.database.azure.com",
            "geo_redundant_backup_enabled": false,
            "id": "/subscriptions/34e8df70-5767-4379-8032-f7153fed209b/resourceGroups/6579-assignment1-RG/providers/Microsoft.DBforPostgreSQL/servers/postgresql-server-ayush6579",
            "identity": [],
            "infrastructure_encryption_enabled": false,
            "location": "centralus",
            "name": "postgresql-server-ayush6579",
            "public_network_access_enabled": true,
            "resource_group_name": "6579-assignment1-RG",
            "restore_point_in_time": null,
            "sku_name": "B_Gen5_2",
            "ssl_enforcement": "Enabled",
            "ssl_enforcement_enabled": true,
            "ssl_minimal_tls_version_enforced": "TLSEnforcementDisabled",
            "storage_mb": 5120,
            "storage_profile": [
              {
                "auto_grow": "Enabled",
                "backup_retention_days": 7,
                "geo_redundant_backup": "Disabled",
                "storage_mb": 5120
              }
            ],
            "tags": {
              "Environment": "Lab",
              "ExpirationDate": "2022-03-08",
              "Name": "Ayush.Jain",
              "Project": "Automation Project – Assignment 1"
            },
            "threat_detection_policy": [],
            "timeouts": null,
            "version": "9.5"
          },
          "sensitive_attributes": [],
          "private": "eyJlMmJmYjczMC1lY2FhLTExZTYtOGY4OC0zNDM2M2JjN2M0YzAiOnsiY3JlYXRlIjozNjAwMDAwMDAwMDAwLCJkZWxldGUiOjM2MDAwMDAwMDAwMDAsInJlYWQiOjMwMDAwMDAwMDAwMCwidXBkYXRlIjozNjAwMDAwMDAwMDAwfX0=",
          "dependencies": [
            "module.rgroup.azurerm_resource_group.rg_group"
          ]
        }
      ]
    },
    {
      "module": "module.datadisk",
      "mode": "managed",
      "type": "azurerm_managed_disk",
      "name": "linux_disk",
      "provider": "provider[\"registry.terraform.io/hashicorp/azurerm\"]",
      "instances": [
        {
          "index_key": 0,
          "schema_version": 0,
          "attributes": {
            "create_option": "Empty",
            "disk_access_id": "",
            "disk_encryption_set_id": "",
            "disk_iops_read_only": 0,
            "disk_iops_read_write": 500,
            "disk_mbps_read_only": 0,
            "disk_mbps_read_write": 60,
            "disk_size_gb": 10,
            "encryption_settings": [],
            "gallery_image_reference_id": "",
            "hyper_v_generation": "",
            "id": "/subscriptions/34e8df70-5767-4379-8032-f7153fed209b/resourceGroups/6579-assignment1-RG/providers/Microsoft.Compute/disks/terraform-u-vm-datadisk1",
            "image_reference_id": "",
            "location": "centralus",
            "logical_sector_size": null,
            "max_shares": 0,
            "name": "terraform-u-vm-datadisk1",
            "network_access_policy": null,
            "on_demand_bursting_enabled": false,
            "os_type": "",
            "public_network_access_enabled": true,
            "resource_group_name": "6579-assignment1-RG",
            "source_resource_id": "",
            "source_uri": "",
            "storage_account_id": "",
            "storage_account_type": "Standard_LRS",
            "tags": {
              "Environment": "Lab",
              "ExpirationDate": "2022-03-08",
              "Name": "Ayush.Jain",
              "Project": "Automation Project – Assignment 1"
            },
            "tier": "",
            "timeouts": null,
            "trusted_launch_enabled": false,
            "zones": []
          },
          "sensitive_attributes": [],
          "private": "eyJlMmJmYjczMC1lY2FhLTExZTYtOGY4OC0zNDM2M2JjN2M0YzAiOnsiY3JlYXRlIjoxODAwMDAwMDAwMDAwLCJkZWxldGUiOjE4MDAwMDAwMDAwMDAsInJlYWQiOjMwMDAwMDAwMDAwMCwidXBkYXRlIjoxODAwMDAwMDAwMDAwfX0=",
          "dependencies": [
            "module.vmlinux.azurerm_network_interface.linux_nic",
            "module.vmlinux.azurerm_virtual_machine_extension.net-watch",
            "module.vmwindows.azurerm_network_interface.windows_nic",
            "module.vmwindows.azurerm_virtual_machine_extension.vmantivirus",
            "module.network.azurerm_subnet.subnet1",
            "module.vmlinux.azurerm_availability_set.avset",
            "module.vmwindows.azurerm_availability_set.avset",
            "module.vmwindows.azurerm_windows_virtual_machine.vmwindows",
            "module.network.azurerm_network_security_group.nsg1",
            "module.vmlinux.azurerm_linux_virtual_machine.vmlinux",
            "module.vmwindows.azurerm_public_ip.windows_pip",
            "module.network.azurerm_virtual_network.vnet",
            "module.vmlinux.azurerm_public_ip.linux_pip",
            "module.vmlinux.null_resource.linux_provisioner",
            "module.network.azurerm_subnet_network_security_group_association.subnet_association1",
            "module.rgroup.azurerm_resource_group.rg_group"
          ]
        },
        {
          "index_key": 1,
          "schema_version": 0,
          "attributes": {
            "create_option": "Empty",
            "disk_access_id": "",
            "disk_encryption_set_id": "",
            "disk_iops_read_only": 0,
            "disk_iops_read_write": 500,
            "disk_mbps_read_only": 0,
            "disk_mbps_read_write": 60,
            "disk_size_gb": 10,
            "encryption_settings": [],
            "gallery_image_reference_id": "",
            "hyper_v_generation": "",
            "id": "/subscriptions/34e8df70-5767-4379-8032-f7153fed209b/resourceGroups/6579-assignment1-RG/providers/Microsoft.Compute/disks/terraform-u-vm-datadisk2",
            "image_reference_id": "",
            "location": "centralus",
            "logical_sector_size": null,
            "max_shares": 0,
            "name": "terraform-u-vm-datadisk2",
            "network_access_policy": null,
            "on_demand_bursting_enabled": false,
            "os_type": "",
            "public_network_access_enabled": true,
            "resource_group_name": "6579-assignment1-RG",
            "source_resource_id": "",
            "source_uri": "",
            "storage_account_id": "",
            "storage_account_type": "Standard_LRS",
            "tags": {
              "Environment": "Lab",
              "ExpirationDate": "2022-03-08",
              "Name": "Ayush.Jain",
              "Project": "Automation Project – Assignment 1"
            },
            "tier": "",
            "timeouts": null,
            "trusted_launch_enabled": false,
            "zones": []
          },
          "sensitive_attributes": [],
          "private": "eyJlMmJmYjczMC1lY2FhLTExZTYtOGY4OC0zNDM2M2JjN2M0YzAiOnsiY3JlYXRlIjoxODAwMDAwMDAwMDAwLCJkZWxldGUiOjE4MDAwMDAwMDAwMDAsInJlYWQiOjMwMDAwMDAwMDAwMCwidXBkYXRlIjoxODAwMDAwMDAwMDAwfX0=",
          "dependencies": [
            "module.network.azurerm_network_security_group.nsg1",
            "module.network.azurerm_subnet.subnet1",
            "module.rgroup.azurerm_resource_group.rg_group",
            "module.vmlinux.azurerm_linux_virtual_machine.vmlinux",
            "module.vmlinux.azurerm_virtual_machine_extension.net-watch",
            "module.vmwindows.azurerm_availability_set.avset",
            "module.vmlinux.azurerm_public_ip.linux_pip",
            "module.vmlinux.null_resource.linux_provisioner",
            "module.vmwindows.azurerm_network_interface.windows_nic",
            "module.vmwindows.azurerm_virtual_machine_extension.vmantivirus",
            "module.vmwindows.azurerm_windows_virtual_machine.vmwindows",
            "module.network.azurerm_subnet_network_security_group_association.subnet_association1",
            "module.network.azurerm_virtual_network.vnet",
            "module.vmlinux.azurerm_availability_set.avset",
            "module.vmlinux.azurerm_network_interface.linux_nic",
            "module.vmwindows.azurerm_public_ip.windows_pip"
          ]
        }
      ]
    },
    {
      "module": "module.datadisk",
      "mode": "managed",
      "type": "azurerm_managed_disk",
      "name": "windows_disk",
      "provider": "provider[\"registry.terraform.io/hashicorp/azurerm\"]",
      "instances": [
        {
          "index_key": "terraform-w-vm1",
          "schema_version": 0,
          "attributes": {
            "create_option": "Empty",
            "disk_access_id": "",
            "disk_encryption_set_id": "",
            "disk_iops_read_only": 0,
            "disk_iops_read_write": 500,
            "disk_mbps_read_only": 0,
            "disk_mbps_read_write": 60,
            "disk_size_gb": 10,
            "encryption_settings": [],
            "gallery_image_reference_id": "",
            "hyper_v_generation": "",
            "id": "/subscriptions/34e8df70-5767-4379-8032-f7153fed209b/resourceGroups/6579-assignment1-RG/providers/Microsoft.Compute/disks/terraform-w-vm1-datadisk3",
            "image_reference_id": "",
            "location": "centralus",
            "logical_sector_size": null,
            "max_shares": 0,
            "name": "terraform-w-vm1-datadisk3",
            "network_access_policy": null,
            "on_demand_bursting_enabled": false,
            "os_type": "",
            "public_network_access_enabled": true,
            "resource_group_name": "6579-assignment1-RG",
            "source_resource_id": "",
            "source_uri": "",
            "storage_account_id": "",
            "storage_account_type": "Standard_LRS",
            "tags": {
              "Environment": "Lab",
              "ExpirationDate": "2022-03-08",
              "Name": "Ayush.Jain",
              "Project": "Automation Project – Assignment 1"
            },
            "tier": "",
            "timeouts": null,
            "trusted_launch_enabled": false,
            "zones": []
          },
          "sensitive_attributes": [],
          "private": "eyJlMmJmYjczMC1lY2FhLTExZTYtOGY4OC0zNDM2M2JjN2M0YzAiOnsiY3JlYXRlIjoxODAwMDAwMDAwMDAwLCJkZWxldGUiOjE4MDAwMDAwMDAwMDAsInJlYWQiOjMwMDAwMDAwMDAwMCwidXBkYXRlIjoxODAwMDAwMDAwMDAwfX0=",
          "dependencies": [
            "module.vmlinux.azurerm_virtual_machine_extension.net-watch",
            "module.vmwindows.azurerm_network_interface.windows_nic",
            "module.vmwindows.azurerm_virtual_machine_extension.vmantivirus",
            "module.network.azurerm_subnet.subnet1",
            "module.vmlinux.azurerm_linux_virtual_machine.vmlinux",
            "module.vmlinux.azurerm_network_interface.linux_nic",
            "module.vmlinux.null_resource.linux_provisioner",
            "module.vmwindows.azurerm_windows_virtual_machine.vmwindows",
            "module.network.azurerm_network_security_group.nsg1",
            "module.network.azurerm_virtual_network.vnet",
            "module.rgroup.azurerm_resource_group.rg_group",
            "module.vmlinux.azurerm_availability_set.avset",
            "module.vmwindows.azurerm_public_ip.windows_pip",
            "module.network.azurerm_subnet_network_security_group_association.subnet_association1",
            "module.vmlinux.azurerm_public_ip.linux_pip",
            "module.vmwindows.azurerm_availability_set.avset"
          ]
        }
      ]
    },
    {
      "module": "module.datadisk",
      "mode": "managed",
      "type": "azurerm_virtual_machine_data_disk_attachment",
      "name": "linux_attachment",
      "provider": "provider[\"registry.terraform.io/hashicorp/azurerm\"]",
      "instances": [
        {
          "index_key": 0,
          "schema_version": 0,
          "attributes": {
            "caching": "ReadWrite",
            "create_option": "Attach",
            "id": "/subscriptions/34e8df70-5767-4379-8032-f7153fed209b/resourceGroups/6579-assignment1-RG/providers/Microsoft.Compute/virtualMachines/terraform-u-vm2/dataDisks/terraform-u-vm-datadisk2",
            "lun": 0,
            "managed_disk_id": "/subscriptions/34e8df70-5767-4379-8032-f7153fed209b/resourceGroups/6579-assignment1-RG/providers/Microsoft.Compute/disks/terraform-u-vm-datadisk2",
            "timeouts": null,
            "virtual_machine_id": "/subscriptions/34e8df70-5767-4379-8032-f7153fed209b/resourceGroups/6579-assignment1-RG/providers/Microsoft.Compute/virtualMachines/terraform-u-vm2",
            "write_accelerator_enabled": false
          },
          "sensitive_attributes": [],
          "private": "eyJlMmJmYjczMC1lY2FhLTExZTYtOGY4OC0zNDM2M2JjN2M0YzAiOnsiY3JlYXRlIjoxODAwMDAwMDAwMDAwLCJkZWxldGUiOjE4MDAwMDAwMDAwMDAsInJlYWQiOjMwMDAwMDAwMDAwMCwidXBkYXRlIjoxODAwMDAwMDAwMDAwfX0=",
          "dependencies": [
            "module.vmlinux.null_resource.linux_provisioner",
            "module.vmwindows.azurerm_availability_set.avset",
            "module.vmwindows.azurerm_network_interface.windows_nic",
            "module.vmwindows.azurerm_virtual_machine_extension.vmantivirus",
            "module.datadisk.azurerm_managed_disk.linux_disk",
            "module.network.azurerm_network_security_group.nsg1",
            "module.vmlinux.azurerm_network_interface.linux_nic",
            "module.vmlinux.azurerm_virtual_machine_extension.net-watch",
            "module.vmlinux.azurerm_availability_set.avset",
            "module.vmlinux.azurerm_linux_virtual_machine.vmlinux",
            "module.vmlinux.azurerm_public_ip.linux_pip",
            "module.vmwindows.azurerm_public_ip.windows_pip",
            "module.network.azurerm_subnet.subnet1",
            "module.network.azurerm_subnet_network_security_group_association.subnet_association1",
            "module.vmwindows.azurerm_windows_virtual_machine.vmwindows",
            "module.network.azurerm_virtual_network.vnet",
            "module.rgroup.azurerm_resource_group.rg_group"
          ]
        },
        {
          "index_key": 1,
          "schema_version": 0,
          "attributes": {
            "caching": "ReadWrite",
            "create_option": "Attach",
            "id": "/subscriptions/34e8df70-5767-4379-8032-f7153fed209b/resourceGroups/6579-assignment1-RG/providers/Microsoft.Compute/virtualMachines/terraform-u-vm1/dataDisks/terraform-u-vm-datadisk1",
            "lun": 0,
            "managed_disk_id": "/subscriptions/34e8df70-5767-4379-8032-f7153fed209b/resourceGroups/6579-assignment1-RG/providers/Microsoft.Compute/disks/terraform-u-vm-datadisk1",
            "timeouts": null,
            "virtual_machine_id": "/subscriptions/34e8df70-5767-4379-8032-f7153fed209b/resourceGroups/6579-assignment1-RG/providers/Microsoft.Compute/virtualMachines/terraform-u-vm1",
            "write_accelerator_enabled": false
          },
          "sensitive_attributes": [],
          "private": "eyJlMmJmYjczMC1lY2FhLTExZTYtOGY4OC0zNDM2M2JjN2M0YzAiOnsiY3JlYXRlIjoxODAwMDAwMDAwMDAwLCJkZWxldGUiOjE4MDAwMDAwMDAwMDAsInJlYWQiOjMwMDAwMDAwMDAwMCwidXBkYXRlIjoxODAwMDAwMDAwMDAwfX0=",
          "dependencies": [
            "module.datadisk.azurerm_managed_disk.linux_disk",
            "module.network.azurerm_subnet.subnet1",
            "module.network.azurerm_virtual_network.vnet",
            "module.rgroup.azurerm_resource_group.rg_group",
            "module.vmlinux.azurerm_linux_virtual_machine.vmlinux",
            "module.vmwindows.azurerm_virtual_machine_extension.vmantivirus",
            "module.vmlinux.azurerm_availability_set.avset",
            "module.vmlinux.azurerm_network_interface.linux_nic",
            "module.vmlinux.null_resource.linux_provisioner",
            "module.vmwindows.azurerm_windows_virtual_machine.vmwindows",
            "module.network.azurerm_network_security_group.nsg1",
            "module.network.azurerm_subnet_network_security_group_association.subnet_association1",
            "module.vmlinux.azurerm_public_ip.linux_pip",
            "module.vmwindows.azurerm_public_ip.windows_pip",
            "module.vmlinux.azurerm_virtual_machine_extension.net-watch",
            "module.vmwindows.azurerm_availability_set.avset",
            "module.vmwindows.azurerm_network_interface.windows_nic"
          ]
        }
      ]
    },
    {
      "module": "module.datadisk",
      "mode": "managed",
      "type": "azurerm_virtual_machine_data_disk_attachment",
      "name": "windows_attachment",
      "provider": "provider[\"registry.terraform.io/hashicorp/azurerm\"]",
      "instances": [
        {
          "index_key": "terraform-w-vm1",
          "schema_version": 0,
          "attributes": {
            "caching": "ReadWrite",
            "create_option": "Attach",
            "id": "/subscriptions/34e8df70-5767-4379-8032-f7153fed209b/resourceGroups/6579-assignment1-RG/providers/Microsoft.Compute/virtualMachines/terraform-w-vm1/dataDisks/terraform-w-vm1-datadisk3",
            "lun": 0,
            "managed_disk_id": "/subscriptions/34e8df70-5767-4379-8032-f7153fed209b/resourceGroups/6579-assignment1-RG/providers/Microsoft.Compute/disks/terraform-w-vm1-datadisk3",
            "timeouts": null,
            "virtual_machine_id": "/subscriptions/34e8df70-5767-4379-8032-f7153fed209b/resourceGroups/6579-assignment1-RG/providers/Microsoft.Compute/virtualMachines/terraform-w-vm1",
            "write_accelerator_enabled": false
          },
          "sensitive_attributes": [],
          "private": "eyJlMmJmYjczMC1lY2FhLTExZTYtOGY4OC0zNDM2M2JjN2M0YzAiOnsiY3JlYXRlIjoxODAwMDAwMDAwMDAwLCJkZWxldGUiOjE4MDAwMDAwMDAwMDAsInJlYWQiOjMwMDAwMDAwMDAwMCwidXBkYXRlIjoxODAwMDAwMDAwMDAwfX0=",
          "dependencies": [
            "module.vmlinux.azurerm_virtual_machine_extension.net-watch",
            "module.vmwindows.azurerm_availability_set.avset",
            "module.rgroup.azurerm_resource_group.rg_group",
            "module.vmlinux.azurerm_linux_virtual_machine.vmlinux",
            "module.network.azurerm_virtual_network.vnet",
            "module.vmlinux.azurerm_network_interface.linux_nic",
            "module.vmlinux.azurerm_public_ip.linux_pip",
            "module.vmwindows.azurerm_network_interface.windows_nic",
            "module.vmwindows.azurerm_windows_virtual_machine.vmwindows",
            "module.network.azurerm_subnet.subnet1",
            "module.network.azurerm_subnet_network_security_group_association.subnet_association1",
            "module.datadisk.azurerm_managed_disk.windows_disk",
            "module.vmlinux.null_resource.linux_provisioner",
            "module.vmwindows.azurerm_public_ip.windows_pip",
            "module.vmwindows.azurerm_virtual_machine_extension.vmantivirus",
            "module.network.azurerm_network_security_group.nsg1",
            "module.vmlinux.azurerm_availability_set.avset"
          ]
        }
      ]
    },
    {
      "module": "module.loadbalancer",
      "mode": "managed",
      "type": "azurerm_lb",
      "name": "lbassignment",
      "provider": "provider[\"registry.terraform.io/hashicorp/azurerm\"]",
      "instances": [
        {
          "schema_version": 0,
          "attributes": {
            "frontend_ip_configuration": [
              {
                "availability_zone": "No-Zone",
                "gateway_load_balancer_frontend_ip_configuration_id": "",
                "id": "/subscriptions/34e8df70-5767-4379-8032-f7153fed209b/resourceGroups/6579-assignment1-RG/providers/Microsoft.Network/loadBalancers/LoadBalancer6579/frontendIPConfigurations/PublicIPAddresslb",
                "inbound_nat_rules": [],
                "load_balancer_rules": [
                  "/subscriptions/34e8df70-5767-4379-8032-f7153fed209b/resourceGroups/6579-assignment1-RG/providers/Microsoft.Network/loadBalancers/LoadBalancer6579/loadBalancingRules/LBRule"
                ],
                "name": "PublicIPAddresslb",
                "outbound_rules": [],
                "private_ip_address": "",
                "private_ip_address_allocation": "Dynamic",
                "private_ip_address_version": "",
                "public_ip_address_id": "/subscriptions/34e8df70-5767-4379-8032-f7153fed209b/resourceGroups/6579-assignment1-RG/providers/Microsoft.Network/publicIPAddresses/PublicIPForLB",
                "public_ip_prefix_id": "",
                "subnet_id": "",
                "zones": []
              }
            ],
            "id": "/subscriptions/34e8df70-5767-4379-8032-f7153fed209b/resourceGroups/6579-assignment1-RG/providers/Microsoft.Network/loadBalancers/LoadBalancer6579",
            "location": "centralus",
            "name": "LoadBalancer6579",
            "private_ip_address": "",
            "private_ip_addresses": [],
            "resource_group_name": "6579-assignment1-RG",
            "sku": "Basic",
            "sku_tier": "Regional",
            "tags": {
              "Environment": "Lab",
              "ExpirationDate": "2022-03-08",
              "Name": "Ayush.Jain",
              "Project": "Automation Project – Assignment 1"
            },
            "timeouts": null
          },
          "sensitive_attributes": [],
          "private": "eyJlMmJmYjczMC1lY2FhLTExZTYtOGY4OC0zNDM2M2JjN2M0YzAiOnsiY3JlYXRlIjoxODAwMDAwMDAwMDAwLCJkZWxldGUiOjE4MDAwMDAwMDAwMDAsInJlYWQiOjMwMDAwMDAwMDAwMCwidXBkYXRlIjoxODAwMDAwMDAwMDAwfX0=",
          "dependencies": [
            "module.loadbalancer.azurerm_public_ip.lbpubip",
            "module.network.azurerm_subnet.subnet1",
            "module.rgroup.azurerm_resource_group.rg_group",
            "module.vmlinux.azurerm_public_ip.linux_pip",
            "module.vmlinux.azurerm_virtual_machine_extension.net-watch",
            "module.vmlinux.azurerm_network_interface.linux_nic",
            "module.vmlinux.null_resource.linux_provisioner",
            "module.network.azurerm_network_security_group.nsg1",
            "module.network.azurerm_subnet_network_security_group_association.subnet_association1",
            "module.network.azurerm_virtual_network.vnet",
            "module.vmlinux.azurerm_availability_set.avset",
            "module.vmlinux.azurerm_linux_virtual_machine.vmlinux"
          ]
        }
      ]
    },
    {
      "module": "module.loadbalancer",
      "mode": "managed",
      "type": "azurerm_lb_backend_address_pool",
      "name": "lbbap",
      "provider": "provider[\"registry.terraform.io/hashicorp/azurerm\"]",
      "instances": [
        {
          "schema_version": 0,
          "attributes": {
            "backend_address": [],
            "backend_ip_configurations": [
              "/subscriptions/34e8df70-5767-4379-8032-f7153fed209b/resourceGroups/6579-assignment1-RG/providers/Microsoft.Network/networkInterfaces/lb_network_interface/ipConfigurations/lb_ipconf"
            ],
            "id": "/subscriptions/34e8df70-5767-4379-8032-f7153fed209b/resourceGroups/6579-assignment1-RG/providers/Microsoft.Network/loadBalancers/LoadBalancer6579/backendAddressPools/BackEndAddressPool",
            "load_balancing_rules": [],
            "loadbalancer_id": "/subscriptions/34e8df70-5767-4379-8032-f7153fed209b/resourceGroups/6579-assignment1-RG/providers/Microsoft.Network/loadBalancers/LoadBalancer6579",
            "name": "BackEndAddressPool",
            "outbound_rules": [],
            "resource_group_name": "6579-assignment1-RG",
            "timeouts": null,
            "tunnel_interface": []
          },
          "sensitive_attributes": [],
          "private": "eyJlMmJmYjczMC1lY2FhLTExZTYtOGY4OC0zNDM2M2JjN2M0YzAiOnsiY3JlYXRlIjoxODAwMDAwMDAwMDAwLCJkZWxldGUiOjE4MDAwMDAwMDAwMDAsInJlYWQiOjMwMDAwMDAwMDAwMCwidXBkYXRlIjoxODAwMDAwMDAwMDAwfX0=",
          "dependencies": [
            "module.loadbalancer.azurerm_lb.lbassignment",
            "module.loadbalancer.azurerm_public_ip.lbpubip",
            "module.network.azurerm_network_security_group.nsg1",
            "module.network.azurerm_subnet_network_security_group_association.subnet_association1",
            "module.vmlinux.azurerm_network_interface.linux_nic",
            "module.vmlinux.null_resource.linux_provisioner",
            "module.network.azurerm_subnet.subnet1",
            "module.network.azurerm_virtual_network.vnet",
            "module.rgroup.azurerm_resource_group.rg_group",
            "module.vmlinux.azurerm_availability_set.avset",
            "module.vmlinux.azurerm_linux_virtual_machine.vmlinux",
            "module.vmlinux.azurerm_public_ip.linux_pip",
            "module.vmlinux.azurerm_virtual_machine_extension.net-watch"
          ]
        }
      ]
    },
    {
      "module": "module.loadbalancer",
      "mode": "managed",
      "type": "azurerm_lb_probe",
      "name": "lb_probe",
      "provider": "provider[\"registry.terraform.io/hashicorp/azurerm\"]",
      "instances": [
        {
          "schema_version": 0,
          "attributes": {
            "id": "/subscriptions/34e8df70-5767-4379-8032-f7153fed209b/resourceGroups/6579-assignment1-RG/providers/Microsoft.Network/loadBalancers/LoadBalancer6579/probes/ssh-running-probe",
            "interval_in_seconds": 15,
            "load_balancer_rules": [],
            "loadbalancer_id": "/subscriptions/34e8df70-5767-4379-8032-f7153fed209b/resourceGroups/6579-assignment1-RG/providers/Microsoft.Network/loadBalancers/LoadBalancer6579",
            "name": "ssh-running-probe",
            "number_of_probes": 2,
            "port": 22,
            "protocol": "Tcp",
            "request_path": "",
            "resource_group_name": "6579-assignment1-RG",
            "timeouts": null
          },
          "sensitive_attributes": [],
          "private": "eyJlMmJmYjczMC1lY2FhLTExZTYtOGY4OC0zNDM2M2JjN2M0YzAiOnsiY3JlYXRlIjoxODAwMDAwMDAwMDAwLCJkZWxldGUiOjE4MDAwMDAwMDAwMDAsInJlYWQiOjMwMDAwMDAwMDAwMCwidXBkYXRlIjoxODAwMDAwMDAwMDAwfX0=",
          "dependencies": [
            "module.vmlinux.azurerm_network_interface.linux_nic",
            "module.vmlinux.azurerm_virtual_machine_extension.net-watch",
            "module.loadbalancer.azurerm_lb.lbassignment",
            "module.loadbalancer.azurerm_public_ip.lbpubip",
            "module.network.azurerm_subnet.subnet1",
            "module.network.azurerm_subnet_network_security_group_association.subnet_association1",
            "module.network.azurerm_virtual_network.vnet",
            "module.rgroup.azurerm_resource_group.rg_group",
            "module.vmlinux.null_resource.linux_provisioner",
            "module.network.azurerm_network_security_group.nsg1",
            "module.vmlinux.azurerm_availability_set.avset",
            "module.vmlinux.azurerm_linux_virtual_machine.vmlinux",
            "module.vmlinux.azurerm_public_ip.linux_pip"
          ]
        }
      ]
    },
    {
      "module": "module.loadbalancer",
      "mode": "managed",
      "type": "azurerm_lb_rule",
      "name": "lb_rule",
      "provider": "provider[\"registry.terraform.io/hashicorp/azurerm\"]",
      "instances": [
        {
          "schema_version": 0,
          "attributes": {
            "backend_address_pool_id": "",
            "backend_address_pool_ids": [],
            "backend_port": 3389,
            "disable_outbound_snat": false,
            "enable_floating_ip": false,
            "enable_tcp_reset": false,
            "frontend_ip_configuration_id": "/subscriptions/34e8df70-5767-4379-8032-f7153fed209b/resourceGroups/6579-assignment1-RG/providers/Microsoft.Network/loadBalancers/LoadBalancer6579/frontendIPConfigurations/PublicIPAddresslb",
            "frontend_ip_configuration_name": "PublicIPAddresslb",
            "frontend_port": 3389,
            "id": "/subscriptions/34e8df70-5767-4379-8032-f7153fed209b/resourceGroups/6579-assignment1-RG/providers/Microsoft.Network/loadBalancers/LoadBalancer6579/loadBalancingRules/LBRule",
            "idle_timeout_in_minutes": 4,
            "load_distribution": "Default",
            "loadbalancer_id": "/subscriptions/34e8df70-5767-4379-8032-f7153fed209b/resourceGroups/6579-assignment1-RG/providers/Microsoft.Network/loadBalancers/LoadBalancer6579",
            "name": "LBRule",
            "probe_id": "",
            "protocol": "Tcp",
            "resource_group_name": "6579-assignment1-RG",
            "timeouts": null
          },
          "sensitive_attributes": [],
          "private": "eyJlMmJmYjczMC1lY2FhLTExZTYtOGY4OC0zNDM2M2JjN2M0YzAiOnsiY3JlYXRlIjoxODAwMDAwMDAwMDAwLCJkZWxldGUiOjE4MDAwMDAwMDAwMDAsInJlYWQiOjMwMDAwMDAwMDAwMCwidXBkYXRlIjoxODAwMDAwMDAwMDAwfX0=",
          "dependencies": [
            "module.rgroup.azurerm_resource_group.rg_group",
            "module.vmlinux.azurerm_network_interface.linux_nic",
            "module.vmlinux.azurerm_public_ip.linux_pip",
            "module.loadbalancer.azurerm_lb.lbassignment",
            "module.network.azurerm_network_security_group.nsg1",
            "module.network.azurerm_subnet.subnet1",
            "module.network.azurerm_subnet_network_security_group_association.subnet_association1",
            "module.network.azurerm_virtual_network.vnet",
            "module.loadbalancer.azurerm_public_ip.lbpubip",
            "module.vmlinux.azurerm_availability_set.avset",
            "module.vmlinux.azurerm_linux_virtual_machine.vmlinux",
            "module.vmlinux.azurerm_virtual_machine_extension.net-watch",
            "module.vmlinux.null_resource.linux_provisioner"
          ]
        }
      ]
    },
    {
      "module": "module.loadbalancer",
      "mode": "managed",
      "type": "azurerm_network_interface",
      "name": "lb_nic",
      "provider": "provider[\"registry.terraform.io/hashicorp/azurerm\"]",
      "instances": [
        {
          "schema_version": 0,
          "attributes": {
            "applied_dns_servers": [],
            "dns_servers": [],
            "enable_accelerated_networking": false,
            "enable_ip_forwarding": false,
            "id": "/subscriptions/34e8df70-5767-4379-8032-f7153fed209b/resourceGroups/6579-assignment1-RG/providers/Microsoft.Network/networkInterfaces/lb_network_interface",
            "internal_dns_name_label": "",
            "internal_domain_name_suffix": "ymfc5xnqv2lelets0l5fn54fce.gx.internal.cloudapp.net",
            "ip_configuration": [
              {
                "gateway_load_balancer_frontend_ip_configuration_id": "",
                "name": "lb_ipconf",
                "primary": true,
                "private_ip_address": "10.0.1.7",
                "private_ip_address_allocation": "Dynamic",
                "private_ip_address_version": "IPv4",
                "public_ip_address_id": "",
                "subnet_id": "/subscriptions/34e8df70-5767-4379-8032-f7153fed209b/resourceGroups/6579-assignment1-RG/providers/Microsoft.Network/virtualNetworks/vnet1/subnets/subnet1"
              }
            ],
            "location": "centralus",
            "mac_address": "",
            "name": "lb_network_interface",
            "private_ip_address": "10.0.1.7",
            "private_ip_addresses": [
              "10.0.1.7"
            ],
            "resource_group_name": "6579-assignment1-RG",
            "tags": {
              "Environment": "Lab",
              "ExpirationDate": "2022-03-08",
              "Name": "Ayush.Jain",
              "Project": "Automation Project – Assignment 1"
            },
            "timeouts": null,
            "virtual_machine_id": ""
          },
          "sensitive_attributes": [],
          "private": "eyJlMmJmYjczMC1lY2FhLTExZTYtOGY4OC0zNDM2M2JjN2M0YzAiOnsiY3JlYXRlIjoxODAwMDAwMDAwMDAwLCJkZWxldGUiOjE4MDAwMDAwMDAwMDAsInJlYWQiOjMwMDAwMDAwMDAwMCwidXBkYXRlIjoxODAwMDAwMDAwMDAwfX0=",
          "dependencies": [
            "module.vmlinux.azurerm_public_ip.linux_pip",
            "module.vmlinux.azurerm_availability_set.avset",
            "module.vmlinux.azurerm_linux_virtual_machine.vmlinux",
            "module.vmlinux.azurerm_network_interface.linux_nic",
            "module.network.azurerm_network_security_group.nsg1",
            "module.network.azurerm_subnet.subnet1",
            "module.network.azurerm_subnet_network_security_group_association.subnet_association1",
            "module.network.azurerm_virtual_network.vnet",
            "module.rgroup.azurerm_resource_group.rg_group",
            "module.vmlinux.azurerm_virtual_machine_extension.net-watch",
            "module.vmlinux.null_resource.linux_provisioner"
          ]
        }
      ]
    },
    {
      "module": "module.loadbalancer",
      "mode": "managed",
      "type": "azurerm_network_interface_backend_address_pool_association",
      "name": "nibapa",
      "provider": "provider[\"registry.terraform.io/hashicorp/azurerm\"]",
      "instances": [
        {
          "schema_version": 0,
          "attributes": {
            "backend_address_pool_id": "/subscriptions/34e8df70-5767-4379-8032-f7153fed209b/resourceGroups/6579-assignment1-RG/providers/Microsoft.Network/loadBalancers/LoadBalancer6579/backendAddressPools/BackEndAddressPool",
            "id": "/subscriptions/34e8df70-5767-4379-8032-f7153fed209b/resourceGroups/6579-assignment1-RG/providers/Microsoft.Network/networkInterfaces/lb_network_interface/ipConfigurations/lb_ipconf|/subscriptions/34e8df70-5767-4379-8032-f7153fed209b/resourceGroups/6579-assignment1-RG/providers/Microsoft.Network/loadBalancers/LoadBalancer6579/backendAddressPools/BackEndAddressPool",
            "ip_configuration_name": "lb_ipconf",
            "network_interface_id": "/subscriptions/34e8df70-5767-4379-8032-f7153fed209b/resourceGroups/6579-assignment1-RG/providers/Microsoft.Network/networkInterfaces/lb_network_interface",
            "timeouts": null
          },
          "sensitive_attributes": [],
          "private": "eyJlMmJmYjczMC1lY2FhLTExZTYtOGY4OC0zNDM2M2JjN2M0YzAiOnsiY3JlYXRlIjoxODAwMDAwMDAwMDAwLCJkZWxldGUiOjE4MDAwMDAwMDAwMDAsInJlYWQiOjMwMDAwMDAwMDAwMCwidXBkYXRlIjoxODAwMDAwMDAwMDAwfX0=",
          "dependencies": [
            "module.vmlinux.azurerm_linux_virtual_machine.vmlinux",
            "module.network.azurerm_subnet.subnet1",
            "module.network.azurerm_subnet_network_security_group_association.subnet_association1",
            "module.network.azurerm_virtual_network.vnet",
            "module.vmlinux.azurerm_availability_set.avset",
            "module.vmlinux.azurerm_public_ip.linux_pip",
            "module.vmlinux.null_resource.linux_provisioner",
            "module.loadbalancer.azurerm_lb_backend_address_pool.lbbap",
            "module.loadbalancer.azurerm_network_interface.lb_nic",
            "module.loadbalancer.azurerm_public_ip.lbpubip",
            "module.network.azurerm_network_security_group.nsg1",
            "module.rgroup.azurerm_resource_group.rg_group",
            "module.vmlinux.azurerm_network_interface.linux_nic",
            "module.vmlinux.azurerm_virtual_machine_extension.net-watch",
            "module.loadbalancer.azurerm_lb.lbassignment"
          ]
        }
      ]
    },
    {
      "module": "module.loadbalancer",
      "mode": "managed",
      "type": "azurerm_public_ip",
      "name": "lbpubip",
      "provider": "provider[\"registry.terraform.io/hashicorp/azurerm\"]",
      "instances": [
        {
          "schema_version": 0,
          "attributes": {
            "allocation_method": "Static",
            "availability_zone": "No-Zone",
            "domain_name_label": null,
            "fqdn": null,
            "id": "/subscriptions/34e8df70-5767-4379-8032-f7153fed209b/resourceGroups/6579-assignment1-RG/providers/Microsoft.Network/publicIPAddresses/PublicIPForLB",
            "idle_timeout_in_minutes": 4,
            "ip_address": "52.165.152.224",
            "ip_tags": {},
            "ip_version": "IPv4",
            "location": "centralus",
            "name": "PublicIPForLB",
            "public_ip_prefix_id": null,
            "resource_group_name": "6579-assignment1-RG",
            "reverse_fqdn": null,
            "sku": "Basic",
            "sku_tier": "Regional",
            "tags": {
              "Environment": "Lab",
              "ExpirationDate": "2022-03-08",
              "Name": "Ayush.Jain",
              "Project": "Automation Project – Assignment 1"
            },
            "timeouts": null,
            "zones": []
          },
          "sensitive_attributes": [],
          "private": "eyJlMmJmYjczMC1lY2FhLTExZTYtOGY4OC0zNDM2M2JjN2M0YzAiOnsiY3JlYXRlIjoxODAwMDAwMDAwMDAwLCJkZWxldGUiOjE4MDAwMDAwMDAwMDAsInJlYWQiOjMwMDAwMDAwMDAwMCwidXBkYXRlIjoxODAwMDAwMDAwMDAwfX0=",
          "dependencies": [
            "module.network.azurerm_network_security_group.nsg1",
            "module.network.azurerm_subnet.subnet1",
            "module.network.azurerm_virtual_network.vnet",
            "module.vmlinux.azurerm_availability_set.avset",
            "module.vmlinux.azurerm_linux_virtual_machine.vmlinux",
            "module.vmlinux.azurerm_public_ip.linux_pip",
            "module.network.azurerm_subnet_network_security_group_association.subnet_association1",
            "module.rgroup.azurerm_resource_group.rg_group",
            "module.vmlinux.azurerm_network_interface.linux_nic",
            "module.vmlinux.azurerm_virtual_machine_extension.net-watch",
            "module.vmlinux.null_resource.linux_provisioner"
          ]
        }
      ]
    },
    {
      "module": "module.network",
      "mode": "managed",
      "type": "azurerm_network_security_group",
      "name": "nsg1",
      "provider": "provider[\"registry.terraform.io/hashicorp/azurerm\"]",
      "instances": [
        {
          "schema_version": 0,
          "attributes": {
            "id": "/subscriptions/34e8df70-5767-4379-8032-f7153fed209b/resourceGroups/6579-assignment1-RG/providers/Microsoft.Network/networkSecurityGroups/nsg1",
            "location": "centralus",
            "name": "nsg1",
            "resource_group_name": "6579-assignment1-RG",
            "security_rule": [
              {
                "access": "Allow",
                "description": "",
                "destination_address_prefix": "*",
                "destination_address_prefixes": [],
                "destination_application_security_group_ids": [],
                "destination_port_range": "22",
                "destination_port_ranges": [],
                "direction": "Inbound",
                "name": "rule1",
                "priority": 100,
                "protocol": "Tcp",
                "source_address_prefix": "*",
                "source_address_prefixes": [],
                "source_application_security_group_ids": [],
                "source_port_range": "*",
                "source_port_ranges": []
              }
            ],
            "tags": {},
            "timeouts": null
          },
          "sensitive_attributes": [],
          "private": "eyJlMmJmYjczMC1lY2FhLTExZTYtOGY4OC0zNDM2M2JjN2M0YzAiOnsiY3JlYXRlIjoxODAwMDAwMDAwMDAwLCJkZWxldGUiOjE4MDAwMDAwMDAwMDAsInJlYWQiOjMwMDAwMDAwMDAwMCwidXBkYXRlIjoxODAwMDAwMDAwMDAwfX0=",
          "dependencies": [
            "module.rgroup.azurerm_resource_group.rg_group"
          ]
        }
      ]
    },
    {
      "module": "module.network",
      "mode": "managed",
      "type": "azurerm_subnet",
      "name": "subnet1",
      "provider": "provider[\"registry.terraform.io/hashicorp/azurerm\"]",
      "instances": [
        {
          "schema_version": 0,
          "attributes": {
            "address_prefix": "10.0.1.0/24",
            "address_prefixes": [
              "10.0.1.0/24"
            ],
            "delegation": [],
            "enforce_private_link_endpoint_network_policies": false,
            "enforce_private_link_service_network_policies": false,
            "id": "/subscriptions/34e8df70-5767-4379-8032-f7153fed209b/resourceGroups/6579-assignment1-RG/providers/Microsoft.Network/virtualNetworks/vnet1/subnets/subnet1",
            "name": "subnet1",
            "resource_group_name": "6579-assignment1-RG",
            "service_endpoint_policy_ids": [],
            "service_endpoints": [],
            "timeouts": null,
            "virtual_network_name": "vnet1"
          },
          "sensitive_attributes": [],
          "private": "eyJlMmJmYjczMC1lY2FhLTExZTYtOGY4OC0zNDM2M2JjN2M0YzAiOnsiY3JlYXRlIjoxODAwMDAwMDAwMDAwLCJkZWxldGUiOjE4MDAwMDAwMDAwMDAsInJlYWQiOjMwMDAwMDAwMDAwMCwidXBkYXRlIjoxODAwMDAwMDAwMDAwfX0=",
          "dependencies": [
            "module.network.azurerm_virtual_network.vnet",
            "module.rgroup.azurerm_resource_group.rg_group"
          ]
        }
      ]
    },
    {
      "module": "module.network",
      "mode": "managed",
      "type": "azurerm_subnet_network_security_group_association",
      "name": "subnet_association1",
      "provider": "provider[\"registry.terraform.io/hashicorp/azurerm\"]",
      "instances": [
        {
          "schema_version": 0,
          "attributes": {
            "id": "/subscriptions/34e8df70-5767-4379-8032-f7153fed209b/resourceGroups/6579-assignment1-RG/providers/Microsoft.Network/virtualNetworks/vnet1/subnets/subnet1",
            "network_security_group_id": "/subscriptions/34e8df70-5767-4379-8032-f7153fed209b/resourceGroups/6579-assignment1-RG/providers/Microsoft.Network/networkSecurityGroups/nsg1",
            "subnet_id": "/subscriptions/34e8df70-5767-4379-8032-f7153fed209b/resourceGroups/6579-assignment1-RG/providers/Microsoft.Network/virtualNetworks/vnet1/subnets/subnet1",
            "timeouts": null
          },
          "sensitive_attributes": [],
          "private": "eyJlMmJmYjczMC1lY2FhLTExZTYtOGY4OC0zNDM2M2JjN2M0YzAiOnsiY3JlYXRlIjoxODAwMDAwMDAwMDAwLCJkZWxldGUiOjE4MDAwMDAwMDAwMDAsInJlYWQiOjMwMDAwMDAwMDAwMCwidXBkYXRlIjoxODAwMDAwMDAwMDAwfX0=",
          "dependencies": [
            "module.network.azurerm_network_security_group.nsg1",
            "module.network.azurerm_subnet.subnet1",
            "module.network.azurerm_virtual_network.vnet",
            "module.rgroup.azurerm_resource_group.rg_group"
          ]
        }
      ]
    },
    {
      "module": "module.network",
      "mode": "managed",
      "type": "azurerm_virtual_network",
      "name": "vnet",
      "provider": "provider[\"registry.terraform.io/hashicorp/azurerm\"]",
      "instances": [
        {
          "schema_version": 0,
          "attributes": {
            "address_space": [
              "10.0.0.0/16"
            ],
            "bgp_community": "",
            "ddos_protection_plan": [],
            "dns_servers": [],
            "flow_timeout_in_minutes": 0,
            "guid": "dd2f0ac3-afb0-4516-9272-d2fe56ffc514",
            "id": "/subscriptions/34e8df70-5767-4379-8032-f7153fed209b/resourceGroups/6579-assignment1-RG/providers/Microsoft.Network/virtualNetworks/vnet1",
            "location": "centralus",
            "name": "vnet1",
            "resource_group_name": "6579-assignment1-RG",
            "subnet": [
              {
                "address_prefix": "10.0.1.0/24",
                "id": "/subscriptions/34e8df70-5767-4379-8032-f7153fed209b/resourceGroups/6579-assignment1-RG/providers/Microsoft.Network/virtualNetworks/vnet1/subnets/subnet1",
                "name": "subnet1",
                "security_group": "/subscriptions/34e8df70-5767-4379-8032-f7153fed209b/resourceGroups/6579-assignment1-RG/providers/Microsoft.Network/networkSecurityGroups/nsg1"
              }
            ],
            "tags": {},
            "timeouts": null,
            "vm_protection_enabled": false
          },
          "sensitive_attributes": [],
          "private": "eyJlMmJmYjczMC1lY2FhLTExZTYtOGY4OC0zNDM2M2JjN2M0YzAiOnsiY3JlYXRlIjoxODAwMDAwMDAwMDAwLCJkZWxldGUiOjE4MDAwMDAwMDAwMDAsInJlYWQiOjMwMDAwMDAwMDAwMCwidXBkYXRlIjoxODAwMDAwMDAwMDAwfX0=",
          "dependencies": [
            "module.rgroup.azurerm_resource_group.rg_group"
          ]
        }
      ]
    },
    {
      "module": "module.rgroup",
      "mode": "managed",
      "type": "azurerm_resource_group",
      "name": "rg_group",
      "provider": "provider[\"registry.terraform.io/hashicorp/azurerm\"]",
      "instances": [
        {
          "schema_version": 0,
          "attributes": {
            "id": "/subscriptions/34e8df70-5767-4379-8032-f7153fed209b/resourceGroups/6579-assignment1-RG",
            "location": "centralus",
            "name": "6579-assignment1-RG",
            "tags": {},
            "timeouts": null
          },
          "sensitive_attributes": [],
          "private": "eyJlMmJmYjczMC1lY2FhLTExZTYtOGY4OC0zNDM2M2JjN2M0YzAiOnsiY3JlYXRlIjo1NDAwMDAwMDAwMDAwLCJkZWxldGUiOjU0MDAwMDAwMDAwMDAsInJlYWQiOjMwMDAwMDAwMDAwMCwidXBkYXRlIjo1NDAwMDAwMDAwMDAwfX0="
        }
      ]
    },
    {
      "module": "module.vmlinux",
      "mode": "managed",
      "type": "azurerm_availability_set",
      "name": "avset",
      "provider": "provider[\"registry.terraform.io/hashicorp/azurerm\"]",
      "instances": [
        {
          "schema_version": 0,
          "attributes": {
            "id": "/subscriptions/34e8df70-5767-4379-8032-f7153fed209b/resourceGroups/6579-assignment1-RG/providers/Microsoft.Compute/availabilitySets/linux-avs",
            "location": "centralus",
            "managed": true,
            "name": "linux-avs",
            "platform_fault_domain_count": 2,
            "platform_update_domain_count": 5,
            "proximity_placement_group_id": null,
            "resource_group_name": "6579-assignment1-RG",
            "tags": {
              "Environment": "Lab",
              "ExpirationDate": "2022-03-08",
              "Name": "Ayush.Jain",
              "Project": "Automation Project – Assignment 1"
            },
            "timeouts": null
          },
          "sensitive_attributes": [],
          "private": "eyJlMmJmYjczMC1lY2FhLTExZTYtOGY4OC0zNDM2M2JjN2M0YzAiOnsiY3JlYXRlIjoxODAwMDAwMDAwMDAwLCJkZWxldGUiOjE4MDAwMDAwMDAwMDAsInJlYWQiOjMwMDAwMDAwMDAwMCwidXBkYXRlIjoxODAwMDAwMDAwMDAwfX0=",
          "dependencies": [
            "module.network.azurerm_network_security_group.nsg1",
            "module.network.azurerm_subnet.subnet1",
            "module.network.azurerm_subnet_network_security_group_association.subnet_association1",
            "module.network.azurerm_virtual_network.vnet",
            "module.rgroup.azurerm_resource_group.rg_group"
          ]
        }
      ]
    },
    {
      "module": "module.vmlinux",
      "mode": "managed",
      "type": "azurerm_linux_virtual_machine",
      "name": "vmlinux",
      "provider": "provider[\"registry.terraform.io/hashicorp/azurerm\"]",
      "instances": [
        {
          "index_key": 0,
          "schema_version": 0,
          "attributes": {
            "additional_capabilities": [],
            "admin_password": null,
            "admin_ssh_key": [
              {
                "public_key": "ssh-rsa AAAAB3NzaC1yc2EAAAADAQABAAABgQDAGlLcf047/NtBoj5McUUDrViN9G9pvbxf30YkBaAWfzFrxd4HSp47azNYf0Jw2Be2/2D38A2kad4+mkNenb4XSy/l3LoFCD7bIfAcU2is2HacdCSWw023CeQa/1AWewpERjp1dzEQIiwZxBTGUEROBQ3Gt1y1fG07PHdWfdHEufnnM1vFvPa6XS6GawYIoto30j3S72lKvo/WHro18fpnOTTGvoDGW9q+w2yf5D2nCyUYgNxPskSWvfuMeeTAexDn5iOAsZ516VWv5rw8f7/mLBjoCE99WoVHs7vtpog4vm0h+R94P9prlI84VO/QX6+m9omvoOoJ6wJTw/JzdsNdopZToYm2YFUXr0JBCJMubVwBbY8mCwvdoEP/tILHZBFlpTt15xPXShSMNJHvQO4HvzA1j3MX3j8qiDep1Bit7C9VbMC8GXdDCw0ga1D0xtWrahTlXaeT0TuTm54uI1XeM+AoXmUSsy/H9m2IZmn5/wDvL84mcc78nW6axIo28UM= n01476579@n01476579-vm1\n",
                "username": "n01476579"
              }
            ],
            "admin_username": "n01476579",
            "allow_extension_operations": true,
            "availability_set_id": "/subscriptions/34e8df70-5767-4379-8032-f7153fed209b/resourceGroups/6579-assignment1-RG/providers/Microsoft.Compute/availabilitySets/LINUX-AVS",
            "boot_diagnostics": [],
            "computer_name": "terraform-u-vm1",
            "custom_data": null,
            "dedicated_host_group_id": "",
            "dedicated_host_id": "",
            "disable_password_authentication": true,
            "encryption_at_host_enabled": false,
            "eviction_policy": "",
            "extensions_time_budget": "PT1H30M",
            "id": "/subscriptions/34e8df70-5767-4379-8032-f7153fed209b/resourceGroups/6579-assignment1-RG/providers/Microsoft.Compute/virtualMachines/terraform-u-vm1",
            "identity": [],
            "license_type": "",
            "location": "centralus",
            "max_bid_price": -1,
            "name": "terraform-u-vm1",
            "network_interface_ids": [
              "/subscriptions/34e8df70-5767-4379-8032-f7153fed209b/resourceGroups/6579-assignment1-RG/providers/Microsoft.Network/networkInterfaces/terraform-u-vm-nic2"
            ],
            "os_disk": [
              {
                "caching": "ReadWrite",
                "diff_disk_settings": [],
                "disk_encryption_set_id": "",
                "disk_size_gb": 32,
                "name": "terraform-u-vm-os-disk1",
                "storage_account_type": "Premium_LRS",
                "write_accelerator_enabled": false
              }
            ],
            "patch_mode": "ImageDefault",
            "plan": [],
            "platform_fault_domain": -1,
            "priority": "Regular",
            "private_ip_address": "10.0.1.6",
            "private_ip_addresses": [
              "10.0.1.6"
            ],
            "provision_vm_agent": true,
            "proximity_placement_group_id": "",
            "public_ip_address": "23.99.198.218",
            "public_ip_addresses": [
              "23.99.198.218"
            ],
            "resource_group_name": "6579-assignment1-RG",
            "secret": [],
            "secure_boot_enabled": false,
            "size": "Standard_B1s",
            "source_image_id": "",
            "source_image_reference": [
              {
                "offer": "CentOS",
                "publisher": "OpenLogic",
                "sku": "8_2",
                "version": "8.2.2020111800"
              }
            ],
            "tags": {
              "Environment": "Lab",
              "ExpirationDate": "2022-03-08",
              "Name": "Ayush.Jain",
              "Project": "Automation Project – Assignment 1"
            },
            "timeouts": null,
            "user_data": "",
            "virtual_machine_id": "7e9f1d36-898b-472d-a9d2-9f2ab974e49a",
            "virtual_machine_scale_set_id": "",
            "vtpm_enabled": false,
            "zone": ""
          },
          "sensitive_attributes": [],
          "private": "eyJlMmJmYjczMC1lY2FhLTExZTYtOGY4OC0zNDM2M2JjN2M0YzAiOnsiY3JlYXRlIjoyNzAwMDAwMDAwMDAwLCJkZWxldGUiOjI3MDAwMDAwMDAwMDAsInJlYWQiOjMwMDAwMDAwMDAwMCwidXBkYXRlIjoyNzAwMDAwMDAwMDAwfX0=",
          "dependencies": [
            "module.network.azurerm_subnet_network_security_group_association.subnet_association1",
            "module.network.azurerm_virtual_network.vnet",
            "module.rgroup.azurerm_resource_group.rg_group",
            "module.vmlinux.azurerm_availability_set.avset",
            "module.vmlinux.azurerm_network_interface.linux_nic",
            "module.vmlinux.azurerm_public_ip.linux_pip",
            "module.network.azurerm_network_security_group.nsg1",
            "module.network.azurerm_subnet.subnet1"
          ]
        },
        {
          "index_key": 1,
          "schema_version": 0,
          "attributes": {
            "additional_capabilities": [],
            "admin_password": null,
            "admin_ssh_key": [
              {
                "public_key": "ssh-rsa AAAAB3NzaC1yc2EAAAADAQABAAABgQDAGlLcf047/NtBoj5McUUDrViN9G9pvbxf30YkBaAWfzFrxd4HSp47azNYf0Jw2Be2/2D38A2kad4+mkNenb4XSy/l3LoFCD7bIfAcU2is2HacdCSWw023CeQa/1AWewpERjp1dzEQIiwZxBTGUEROBQ3Gt1y1fG07PHdWfdHEufnnM1vFvPa6XS6GawYIoto30j3S72lKvo/WHro18fpnOTTGvoDGW9q+w2yf5D2nCyUYgNxPskSWvfuMeeTAexDn5iOAsZ516VWv5rw8f7/mLBjoCE99WoVHs7vtpog4vm0h+R94P9prlI84VO/QX6+m9omvoOoJ6wJTw/JzdsNdopZToYm2YFUXr0JBCJMubVwBbY8mCwvdoEP/tILHZBFlpTt15xPXShSMNJHvQO4HvzA1j3MX3j8qiDep1Bit7C9VbMC8GXdDCw0ga1D0xtWrahTlXaeT0TuTm54uI1XeM+AoXmUSsy/H9m2IZmn5/wDvL84mcc78nW6axIo28UM= n01476579@n01476579-vm1\n",
                "username": "n01476579"
              }
            ],
            "admin_username": "n01476579",
            "allow_extension_operations": true,
            "availability_set_id": "/subscriptions/34e8df70-5767-4379-8032-f7153fed209b/resourceGroups/6579-assignment1-RG/providers/Microsoft.Compute/availabilitySets/LINUX-AVS",
            "boot_diagnostics": [],
            "computer_name": "terraform-u-vm2",
            "custom_data": null,
            "dedicated_host_group_id": "",
            "dedicated_host_id": "",
            "disable_password_authentication": true,
            "encryption_at_host_enabled": false,
            "eviction_policy": "",
            "extensions_time_budget": "PT1H30M",
            "id": "/subscriptions/34e8df70-5767-4379-8032-f7153fed209b/resourceGroups/6579-assignment1-RG/providers/Microsoft.Compute/virtualMachines/terraform-u-vm2",
            "identity": [],
            "license_type": "",
            "location": "centralus",
            "max_bid_price": -1,
            "name": "terraform-u-vm2",
            "network_interface_ids": [
              "/subscriptions/34e8df70-5767-4379-8032-f7153fed209b/resourceGroups/6579-assignment1-RG/providers/Microsoft.Network/networkInterfaces/terraform-u-vm-nic1"
            ],
            "os_disk": [
              {
                "caching": "ReadWrite",
                "diff_disk_settings": [],
                "disk_encryption_set_id": "",
                "disk_size_gb": 32,
                "name": "terraform-u-vm-os-disk2",
                "storage_account_type": "Premium_LRS",
                "write_accelerator_enabled": false
              }
            ],
            "patch_mode": "ImageDefault",
            "plan": [],
            "platform_fault_domain": -1,
            "priority": "Regular",
            "private_ip_address": "10.0.1.5",
            "private_ip_addresses": [
              "10.0.1.5"
            ],
            "provision_vm_agent": true,
            "proximity_placement_group_id": "",
            "public_ip_address": "13.67.129.87",
            "public_ip_addresses": [
              "13.67.129.87"
            ],
            "resource_group_name": "6579-assignment1-RG",
            "secret": [],
            "secure_boot_enabled": false,
            "size": "Standard_B1s",
            "source_image_id": "",
            "source_image_reference": [
              {
                "offer": "CentOS",
                "publisher": "OpenLogic",
                "sku": "8_2",
                "version": "8.2.2020111800"
              }
            ],
            "tags": {
              "Environment": "Lab",
              "ExpirationDate": "2022-03-08",
              "Name": "Ayush.Jain",
              "Project": "Automation Project – Assignment 1"
            },
            "timeouts": null,
            "user_data": "",
            "virtual_machine_id": "4d3b298f-f09d-473c-9e37-5039696392ef",
            "virtual_machine_scale_set_id": "",
            "vtpm_enabled": false,
            "zone": ""
          },
          "sensitive_attributes": [],
          "private": "eyJlMmJmYjczMC1lY2FhLTExZTYtOGY4OC0zNDM2M2JjN2M0YzAiOnsiY3JlYXRlIjoyNzAwMDAwMDAwMDAwLCJkZWxldGUiOjI3MDAwMDAwMDAwMDAsInJlYWQiOjMwMDAwMDAwMDAwMCwidXBkYXRlIjoyNzAwMDAwMDAwMDAwfX0=",
          "dependencies": [
            "module.network.azurerm_subnet.subnet1",
            "module.network.azurerm_subnet_network_security_group_association.subnet_association1",
            "module.network.azurerm_virtual_network.vnet",
            "module.rgroup.azurerm_resource_group.rg_group",
            "module.vmlinux.azurerm_availability_set.avset",
            "module.vmlinux.azurerm_network_interface.linux_nic",
            "module.vmlinux.azurerm_public_ip.linux_pip",
            "module.network.azurerm_network_security_group.nsg1"
          ]
        }
      ]
    },
    {
      "module": "module.vmlinux",
      "mode": "managed",
      "type": "azurerm_network_interface",
      "name": "linux_nic",
      "provider": "provider[\"registry.terraform.io/hashicorp/azurerm\"]",
      "instances": [
        {
          "index_key": 0,
          "schema_version": 0,
          "attributes": {
            "applied_dns_servers": [],
            "dns_servers": [],
            "enable_accelerated_networking": false,
            "enable_ip_forwarding": false,
            "id": "/subscriptions/34e8df70-5767-4379-8032-f7153fed209b/resourceGroups/6579-assignment1-RG/providers/Microsoft.Network/networkInterfaces/terraform-u-vm-nic1",
            "internal_dns_name_label": "",
            "internal_domain_name_suffix": "ymfc5xnqv2lelets0l5fn54fce.gx.internal.cloudapp.net",
            "ip_configuration": [
              {
                "gateway_load_balancer_frontend_ip_configuration_id": "",
                "name": "terraform-u-vm-ip1",
                "primary": true,
                "private_ip_address": "10.0.1.5",
                "private_ip_address_allocation": "Dynamic",
                "private_ip_address_version": "IPv4",
                "public_ip_address_id": "/subscriptions/34e8df70-5767-4379-8032-f7153fed209b/resourceGroups/6579-assignment1-RG/providers/Microsoft.Network/publicIPAddresses/terraform-u-vm-pip1",
                "subnet_id": "/subscriptions/34e8df70-5767-4379-8032-f7153fed209b/resourceGroups/6579-assignment1-RG/providers/Microsoft.Network/virtualNetworks/vnet1/subnets/subnet1"
              }
            ],
            "location": "centralus",
            "mac_address": "00-0D-3A-A6-10-41",
            "name": "terraform-u-vm-nic1",
            "private_ip_address": "10.0.1.5",
            "private_ip_addresses": [
              "10.0.1.5"
            ],
            "resource_group_name": "6579-assignment1-RG",
            "tags": {
              "Environment": "Lab",
              "ExpirationDate": "2022-03-08",
              "Name": "Ayush.Jain",
              "Project": "Automation Project – Assignment 1"
            },
            "timeouts": null,
            "virtual_machine_id": "/subscriptions/34e8df70-5767-4379-8032-f7153fed209b/resourceGroups/6579-assignment1-RG/providers/Microsoft.Compute/virtualMachines/terraform-u-vm2"
          },
          "sensitive_attributes": [],
          "private": "eyJlMmJmYjczMC1lY2FhLTExZTYtOGY4OC0zNDM2M2JjN2M0YzAiOnsiY3JlYXRlIjoxODAwMDAwMDAwMDAwLCJkZWxldGUiOjE4MDAwMDAwMDAwMDAsInJlYWQiOjMwMDAwMDAwMDAwMCwidXBkYXRlIjoxODAwMDAwMDAwMDAwfX0=",
          "dependencies": [
            "module.network.azurerm_subnet_network_security_group_association.subnet_association1",
            "module.network.azurerm_virtual_network.vnet",
            "module.rgroup.azurerm_resource_group.rg_group",
            "module.vmlinux.azurerm_public_ip.linux_pip",
            "module.network.azurerm_network_security_group.nsg1",
            "module.network.azurerm_subnet.subnet1"
          ]
        },
        {
          "index_key": 1,
          "schema_version": 0,
          "attributes": {
            "applied_dns_servers": [],
            "dns_servers": [],
            "enable_accelerated_networking": false,
            "enable_ip_forwarding": false,
            "id": "/subscriptions/34e8df70-5767-4379-8032-f7153fed209b/resourceGroups/6579-assignment1-RG/providers/Microsoft.Network/networkInterfaces/terraform-u-vm-nic2",
            "internal_dns_name_label": "",
            "internal_domain_name_suffix": "ymfc5xnqv2lelets0l5fn54fce.gx.internal.cloudapp.net",
            "ip_configuration": [
              {
                "gateway_load_balancer_frontend_ip_configuration_id": "",
                "name": "terraform-u-vm-ip2",
                "primary": true,
                "private_ip_address": "10.0.1.6",
                "private_ip_address_allocation": "Dynamic",
                "private_ip_address_version": "IPv4",
                "public_ip_address_id": "/subscriptions/34e8df70-5767-4379-8032-f7153fed209b/resourceGroups/6579-assignment1-RG/providers/Microsoft.Network/publicIPAddresses/terraform-u-vm-pip2",
                "subnet_id": "/subscriptions/34e8df70-5767-4379-8032-f7153fed209b/resourceGroups/6579-assignment1-RG/providers/Microsoft.Network/virtualNetworks/vnet1/subnets/subnet1"
              }
            ],
            "location": "centralus",
            "mac_address": "00-0D-3A-A5-A8-8D",
            "name": "terraform-u-vm-nic2",
            "private_ip_address": "10.0.1.6",
            "private_ip_addresses": [
              "10.0.1.6"
            ],
            "resource_group_name": "6579-assignment1-RG",
            "tags": {
              "Environment": "Lab",
              "ExpirationDate": "2022-03-08",
              "Name": "Ayush.Jain",
              "Project": "Automation Project – Assignment 1"
            },
            "timeouts": null,
            "virtual_machine_id": "/subscriptions/34e8df70-5767-4379-8032-f7153fed209b/resourceGroups/6579-assignment1-RG/providers/Microsoft.Compute/virtualMachines/terraform-u-vm1"
          },
          "sensitive_attributes": [],
          "private": "eyJlMmJmYjczMC1lY2FhLTExZTYtOGY4OC0zNDM2M2JjN2M0YzAiOnsiY3JlYXRlIjoxODAwMDAwMDAwMDAwLCJkZWxldGUiOjE4MDAwMDAwMDAwMDAsInJlYWQiOjMwMDAwMDAwMDAwMCwidXBkYXRlIjoxODAwMDAwMDAwMDAwfX0=",
          "dependencies": [
            "module.network.azurerm_network_security_group.nsg1",
            "module.network.azurerm_subnet.subnet1",
            "module.network.azurerm_subnet_network_security_group_association.subnet_association1",
            "module.network.azurerm_virtual_network.vnet",
            "module.rgroup.azurerm_resource_group.rg_group",
            "module.vmlinux.azurerm_public_ip.linux_pip"
          ]
        }
      ]
    },
    {
      "module": "module.vmlinux",
      "mode": "managed",
      "type": "azurerm_public_ip",
      "name": "linux_pip",
      "provider": "provider[\"registry.terraform.io/hashicorp/azurerm\"]",
      "instances": [
        {
          "index_key": 0,
          "schema_version": 0,
          "attributes": {
            "allocation_method": "Dynamic",
            "availability_zone": "No-Zone",
            "domain_name_label": "terraform-u-vm1",
            "fqdn": "terraform-u-vm1.centralus.cloudapp.azure.com",
            "id": "/subscriptions/34e8df70-5767-4379-8032-f7153fed209b/resourceGroups/6579-assignment1-RG/providers/Microsoft.Network/publicIPAddresses/terraform-u-vm-pip1",
            "idle_timeout_in_minutes": 4,
            "ip_address": "13.67.129.87",
            "ip_tags": {},
            "ip_version": "IPv4",
            "location": "centralus",
            "name": "terraform-u-vm-pip1",
            "public_ip_prefix_id": null,
            "resource_group_name": "6579-assignment1-RG",
            "reverse_fqdn": "",
            "sku": "Basic",
            "sku_tier": "Regional",
            "tags": {
              "Environment": "Lab",
              "ExpirationDate": "2022-03-08",
              "Name": "Ayush.Jain",
              "Project": "Automation Project – Assignment 1"
            },
            "timeouts": null,
            "zones": []
          },
          "sensitive_attributes": [],
          "private": "eyJlMmJmYjczMC1lY2FhLTExZTYtOGY4OC0zNDM2M2JjN2M0YzAiOnsiY3JlYXRlIjoxODAwMDAwMDAwMDAwLCJkZWxldGUiOjE4MDAwMDAwMDAwMDAsInJlYWQiOjMwMDAwMDAwMDAwMCwidXBkYXRlIjoxODAwMDAwMDAwMDAwfX0=",
          "dependencies": [
            "module.network.azurerm_subnet.subnet1",
            "module.network.azurerm_subnet_network_security_group_association.subnet_association1",
            "module.network.azurerm_virtual_network.vnet",
            "module.rgroup.azurerm_resource_group.rg_group",
            "module.network.azurerm_network_security_group.nsg1"
          ]
        },
        {
          "index_key": 1,
          "schema_version": 0,
          "attributes": {
            "allocation_method": "Dynamic",
            "availability_zone": "No-Zone",
            "domain_name_label": "terraform-u-vm2",
            "fqdn": "terraform-u-vm2.centralus.cloudapp.azure.com",
            "id": "/subscriptions/34e8df70-5767-4379-8032-f7153fed209b/resourceGroups/6579-assignment1-RG/providers/Microsoft.Network/publicIPAddresses/terraform-u-vm-pip2",
            "idle_timeout_in_minutes": 4,
            "ip_address": "23.99.198.218",
            "ip_tags": {},
            "ip_version": "IPv4",
            "location": "centralus",
            "name": "terraform-u-vm-pip2",
            "public_ip_prefix_id": null,
            "resource_group_name": "6579-assignment1-RG",
            "reverse_fqdn": "",
            "sku": "Basic",
            "sku_tier": "Regional",
            "tags": {
              "Environment": "Lab",
              "ExpirationDate": "2022-03-08",
              "Name": "Ayush.Jain",
              "Project": "Automation Project – Assignment 1"
            },
            "timeouts": null,
            "zones": []
          },
          "sensitive_attributes": [],
          "private": "eyJlMmJmYjczMC1lY2FhLTExZTYtOGY4OC0zNDM2M2JjN2M0YzAiOnsiY3JlYXRlIjoxODAwMDAwMDAwMDAwLCJkZWxldGUiOjE4MDAwMDAwMDAwMDAsInJlYWQiOjMwMDAwMDAwMDAwMCwidXBkYXRlIjoxODAwMDAwMDAwMDAwfX0=",
          "dependencies": [
            "module.network.azurerm_network_security_group.nsg1",
            "module.network.azurerm_subnet.subnet1",
            "module.network.azurerm_subnet_network_security_group_association.subnet_association1",
            "module.network.azurerm_virtual_network.vnet",
            "module.rgroup.azurerm_resource_group.rg_group"
          ]
        }
      ]
    },
    {
      "module": "module.vmlinux",
      "mode": "managed",
      "type": "azurerm_virtual_machine_extension",
      "name": "net-watch",
      "provider": "provider[\"registry.terraform.io/hashicorp/azurerm\"]",
      "instances": [
        {
          "index_key": 0,
          "schema_version": 0,
          "attributes": {
            "auto_upgrade_minor_version": true,
            "automatic_upgrade_enabled": false,
            "id": "/subscriptions/34e8df70-5767-4379-8032-f7153fed209b/resourceGroups/6579-assignment1-RG/providers/Microsoft.Compute/virtualMachines/terraform-u-vm1/extensions/cmtest-vm-network-watcher",
            "name": "cmtest-vm-network-watcher",
            "protected_settings": null,
            "publisher": "Microsoft.Azure.NetworkWatcher",
            "settings": null,
            "tags": {},
            "timeouts": null,
            "type": "NetworkWatcherAgentLinux",
            "type_handler_version": "1.4",
            "virtual_machine_id": "/subscriptions/34e8df70-5767-4379-8032-f7153fed209b/resourceGroups/6579-assignment1-RG/providers/Microsoft.Compute/virtualMachines/terraform-u-vm1"
          },
          "sensitive_attributes": [],
          "private": "eyJlMmJmYjczMC1lY2FhLTExZTYtOGY4OC0zNDM2M2JjN2M0YzAiOnsiY3JlYXRlIjoxODAwMDAwMDAwMDAwLCJkZWxldGUiOjE4MDAwMDAwMDAwMDAsInJlYWQiOjMwMDAwMDAwMDAwMCwidXBkYXRlIjoxODAwMDAwMDAwMDAwfX0=",
          "dependencies": [
            "module.vmlinux.azurerm_network_interface.linux_nic",
            "module.vmlinux.azurerm_public_ip.linux_pip",
            "module.network.azurerm_network_security_group.nsg1",
            "module.network.azurerm_subnet_network_security_group_association.subnet_association1",
            "module.network.azurerm_virtual_network.vnet",
            "module.vmlinux.azurerm_linux_virtual_machine.vmlinux",
            "module.network.azurerm_subnet.subnet1",
            "module.rgroup.azurerm_resource_group.rg_group",
            "module.vmlinux.azurerm_availability_set.avset"
          ]
        },
        {
          "index_key": 1,
          "schema_version": 0,
          "attributes": {
            "auto_upgrade_minor_version": true,
            "automatic_upgrade_enabled": false,
            "id": "/subscriptions/34e8df70-5767-4379-8032-f7153fed209b/resourceGroups/6579-assignment1-RG/providers/Microsoft.Compute/virtualMachines/terraform-u-vm2/extensions/cmtest-vm-network-watcher",
            "name": "cmtest-vm-network-watcher",
            "protected_settings": null,
            "publisher": "Microsoft.Azure.NetworkWatcher",
            "settings": null,
            "tags": {},
            "timeouts": null,
            "type": "NetworkWatcherAgentLinux",
            "type_handler_version": "1.4",
            "virtual_machine_id": "/subscriptions/34e8df70-5767-4379-8032-f7153fed209b/resourceGroups/6579-assignment1-RG/providers/Microsoft.Compute/virtualMachines/terraform-u-vm2"
          },
          "sensitive_attributes": [],
          "private": "eyJlMmJmYjczMC1lY2FhLTExZTYtOGY4OC0zNDM2M2JjN2M0YzAiOnsiY3JlYXRlIjoxODAwMDAwMDAwMDAwLCJkZWxldGUiOjE4MDAwMDAwMDAwMDAsInJlYWQiOjMwMDAwMDAwMDAwMCwidXBkYXRlIjoxODAwMDAwMDAwMDAwfX0=",
          "dependencies": [
            "module.vmlinux.azurerm_availability_set.avset",
            "module.vmlinux.azurerm_linux_virtual_machine.vmlinux",
            "module.vmlinux.azurerm_public_ip.linux_pip",
            "module.network.azurerm_network_security_group.nsg1",
            "module.network.azurerm_subnet.subnet1",
            "module.rgroup.azurerm_resource_group.rg_group",
            "module.vmlinux.azurerm_network_interface.linux_nic",
            "module.network.azurerm_subnet_network_security_group_association.subnet_association1",
            "module.network.azurerm_virtual_network.vnet"
          ]
        }
      ]
    },
    {
      "module": "module.vmlinux",
      "mode": "managed",
      "type": "null_resource",
      "name": "linux_provisioner",
      "provider": "provider[\"registry.terraform.io/hashicorp/null\"]",
      "instances": [
        {
          "index_key": 0,
          "schema_version": 0,
          "attributes": {
            "id": "5753440427928802118",
            "triggers": null
          },
          "sensitive_attributes": [],
          "private": "bnVsbA==",
          "dependencies": [
            "module.vmlinux.azurerm_network_interface.linux_nic",
            "module.vmlinux.azurerm_public_ip.linux_pip",
            "module.network.azurerm_network_security_group.nsg1",
            "module.network.azurerm_subnet.subnet1",
            "module.network.azurerm_virtual_network.vnet",
            "module.rgroup.azurerm_resource_group.rg_group",
            "module.vmlinux.azurerm_availability_set.avset",
            "module.network.azurerm_subnet_network_security_group_association.subnet_association1",
            "module.vmlinux.azurerm_linux_virtual_machine.vmlinux"
          ]
        },
        {
          "index_key": 1,
          "schema_version": 0,
          "attributes": {
            "id": "5076761440832667945",
            "triggers": null
          },
          "sensitive_attributes": [],
          "private": "bnVsbA==",
          "dependencies": [
            "module.network.azurerm_network_security_group.nsg1",
            "module.network.azurerm_subnet.subnet1",
            "module.network.azurerm_subnet_network_security_group_association.subnet_association1",
            "module.network.azurerm_virtual_network.vnet",
            "module.rgroup.azurerm_resource_group.rg_group",
            "module.vmlinux.azurerm_network_interface.linux_nic",
            "module.vmlinux.azurerm_availability_set.avset",
            "module.vmlinux.azurerm_linux_virtual_machine.vmlinux",
            "module.vmlinux.azurerm_public_ip.linux_pip"
          ]
        }
      ]
    },
    {
      "module": "module.vmwindows",
      "mode": "managed",
      "type": "azurerm_availability_set",
      "name": "avset",
      "provider": "provider[\"registry.terraform.io/hashicorp/azurerm\"]",
      "instances": [
        {
          "schema_version": 0,
          "attributes": {
            "id": "/subscriptions/34e8df70-5767-4379-8032-f7153fed209b/resourceGroups/6579-assignment1-RG/providers/Microsoft.Compute/availabilitySets/windows-avs",
            "location": "centralus",
            "managed": true,
            "name": "windows-avs",
            "platform_fault_domain_count": 2,
            "platform_update_domain_count": 5,
            "proximity_placement_group_id": null,
            "resource_group_name": "6579-assignment1-RG",
            "tags": {
              "Environment": "Lab",
              "ExpirationDate": "2022-03-08",
              "Name": "Ayush.Jain",
              "Project": "Automation Project – Assignment 1"
            },
            "timeouts": null
          },
          "sensitive_attributes": [],
          "private": "eyJlMmJmYjczMC1lY2FhLTExZTYtOGY4OC0zNDM2M2JjN2M0YzAiOnsiY3JlYXRlIjoxODAwMDAwMDAwMDAwLCJkZWxldGUiOjE4MDAwMDAwMDAwMDAsInJlYWQiOjMwMDAwMDAwMDAwMCwidXBkYXRlIjoxODAwMDAwMDAwMDAwfX0=",
          "dependencies": [
            "module.network.azurerm_network_security_group.nsg1",
            "module.network.azurerm_subnet.subnet1",
            "module.network.azurerm_subnet_network_security_group_association.subnet_association1",
            "module.network.azurerm_virtual_network.vnet",
            "module.rgroup.azurerm_resource_group.rg_group"
          ]
        }
      ]
    },
    {
      "module": "module.vmwindows",
      "mode": "managed",
      "type": "azurerm_network_interface",
      "name": "windows_nic",
      "provider": "provider[\"registry.terraform.io/hashicorp/azurerm\"]",
      "instances": [
        {
          "index_key": "terraform-w-vm1",
          "schema_version": 0,
          "attributes": {
            "applied_dns_servers": [],
            "dns_servers": [],
            "enable_accelerated_networking": false,
            "enable_ip_forwarding": false,
            "id": "/subscriptions/34e8df70-5767-4379-8032-f7153fed209b/resourceGroups/6579-assignment1-RG/providers/Microsoft.Network/networkInterfaces/terraform-w-vm1-nic",
            "internal_dns_name_label": "",
            "internal_domain_name_suffix": "ymfc5xnqv2lelets0l5fn54fce.gx.internal.cloudapp.net",
            "ip_configuration": [
              {
                "gateway_load_balancer_frontend_ip_configuration_id": "",
                "name": "terraform-w-vm1",
                "primary": true,
                "private_ip_address": "10.0.1.4",
                "private_ip_address_allocation": "Dynamic",
                "private_ip_address_version": "IPv4",
                "public_ip_address_id": "/subscriptions/34e8df70-5767-4379-8032-f7153fed209b/resourceGroups/6579-assignment1-RG/providers/Microsoft.Network/publicIPAddresses/terraform-w-vm1-pip",
                "subnet_id": "/subscriptions/34e8df70-5767-4379-8032-f7153fed209b/resourceGroups/6579-assignment1-RG/providers/Microsoft.Network/virtualNetworks/vnet1/subnets/subnet1"
              }
            ],
            "location": "centralus",
            "mac_address": "00-0D-3A-A5-A5-80",
            "name": "terraform-w-vm1-nic",
            "private_ip_address": "10.0.1.4",
            "private_ip_addresses": [
              "10.0.1.4"
            ],
            "resource_group_name": "6579-assignment1-RG",
            "tags": {
              "Environment": "Lab",
              "ExpirationDate": "2022-03-08",
              "Name": "Ayush.Jain",
              "Project": "Automation Project – Assignment 1"
            },
            "timeouts": null,
            "virtual_machine_id": "/subscriptions/34e8df70-5767-4379-8032-f7153fed209b/resourceGroups/6579-assignment1-RG/providers/Microsoft.Compute/virtualMachines/terraform-w-vm1"
          },
          "sensitive_attributes": [],
          "private": "eyJlMmJmYjczMC1lY2FhLTExZTYtOGY4OC0zNDM2M2JjN2M0YzAiOnsiY3JlYXRlIjoxODAwMDAwMDAwMDAwLCJkZWxldGUiOjE4MDAwMDAwMDAwMDAsInJlYWQiOjMwMDAwMDAwMDAwMCwidXBkYXRlIjoxODAwMDAwMDAwMDAwfX0=",
          "dependencies": [
            "module.network.azurerm_network_security_group.nsg1",
            "module.network.azurerm_subnet.subnet1",
            "module.network.azurerm_subnet_network_security_group_association.subnet_association1",
            "module.network.azurerm_virtual_network.vnet",
            "module.rgroup.azurerm_resource_group.rg_group",
            "module.vmwindows.azurerm_public_ip.windows_pip"
          ]
        }
      ]
    },
    {
      "module": "module.vmwindows",
      "mode": "managed",
      "type": "azurerm_public_ip",
      "name": "windows_pip",
      "provider": "provider[\"registry.terraform.io/hashicorp/azurerm\"]",
      "instances": [
        {
          "index_key": "terraform-w-vm1",
          "schema_version": 0,
          "attributes": {
            "allocation_method": "Dynamic",
            "availability_zone": "No-Zone",
            "domain_name_label": "terraform-w-vm1",
            "fqdn": "terraform-w-vm1.centralus.cloudapp.azure.com",
            "id": "/subscriptions/34e8df70-5767-4379-8032-f7153fed209b/resourceGroups/6579-assignment1-RG/providers/Microsoft.Network/publicIPAddresses/terraform-w-vm1-pip",
            "idle_timeout_in_minutes": 4,
            "ip_address": "52.165.40.223",
            "ip_tags": {},
            "ip_version": "IPv4",
            "location": "centralus",
            "name": "terraform-w-vm1-pip",
            "public_ip_prefix_id": null,
            "resource_group_name": "6579-assignment1-RG",
            "reverse_fqdn": "",
            "sku": "Basic",
            "sku_tier": "Regional",
            "tags": {
              "Environment": "Lab",
              "ExpirationDate": "2022-03-08",
              "Name": "Ayush.Jain",
              "Project": "Automation Project – Assignment 1"
            },
            "timeouts": null,
            "zones": []
          },
          "sensitive_attributes": [],
          "private": "eyJlMmJmYjczMC1lY2FhLTExZTYtOGY4OC0zNDM2M2JjN2M0YzAiOnsiY3JlYXRlIjoxODAwMDAwMDAwMDAwLCJkZWxldGUiOjE4MDAwMDAwMDAwMDAsInJlYWQiOjMwMDAwMDAwMDAwMCwidXBkYXRlIjoxODAwMDAwMDAwMDAwfX0=",
          "dependencies": [
            "module.network.azurerm_virtual_network.vnet",
            "module.rgroup.azurerm_resource_group.rg_group",
            "module.network.azurerm_network_security_group.nsg1",
            "module.network.azurerm_subnet.subnet1",
            "module.network.azurerm_subnet_network_security_group_association.subnet_association1"
          ]
        }
      ]
    },
    {
      "module": "module.vmwindows",
      "mode": "managed",
      "type": "azurerm_virtual_machine_extension",
      "name": "vmantivirus",
      "provider": "provider[\"registry.terraform.io/hashicorp/azurerm\"]",
      "instances": [
        {
          "index_key": "terraform-w-vm1",
          "schema_version": 0,
          "attributes": {
            "auto_upgrade_minor_version": true,
            "automatic_upgrade_enabled": false,
            "id": "/subscriptions/34e8df70-5767-4379-8032-f7153fed209b/resourceGroups/6579-assignment1-RG/providers/Microsoft.Compute/virtualMachines/terraform-w-vm1/extensions/terraform-w-vm1-vmantivirus",
            "name": "terraform-w-vm1-vmantivirus",
            "protected_settings": null,
            "publisher": "Microsoft.Azure.Security",
            "settings": null,
            "tags": {},
            "timeouts": null,
            "type": "IaaSAntimalware",
            "type_handler_version": "1.3",
            "virtual_machine_id": "/subscriptions/34e8df70-5767-4379-8032-f7153fed209b/resourceGroups/6579-assignment1-RG/providers/Microsoft.Compute/virtualMachines/terraform-w-vm1"
          },
          "sensitive_attributes": [],
          "private": "eyJlMmJmYjczMC1lY2FhLTExZTYtOGY4OC0zNDM2M2JjN2M0YzAiOnsiY3JlYXRlIjoxODAwMDAwMDAwMDAwLCJkZWxldGUiOjE4MDAwMDAwMDAwMDAsInJlYWQiOjMwMDAwMDAwMDAwMCwidXBkYXRlIjoxODAwMDAwMDAwMDAwfX0=",
          "dependencies": [
            "module.network.azurerm_virtual_network.vnet",
            "module.rgroup.azurerm_resource_group.rg_group",
            "module.vmwindows.azurerm_network_interface.windows_nic",
            "module.vmwindows.azurerm_public_ip.windows_pip",
            "module.vmwindows.azurerm_windows_virtual_machine.vmwindows",
            "module.network.azurerm_network_security_group.nsg1",
            "module.network.azurerm_subnet_network_security_group_association.subnet_association1",
            "module.network.azurerm_subnet.subnet1",
            "module.vmwindows.azurerm_availability_set.avset"
          ]
        }
      ]
    },
    {
      "module": "module.vmwindows",
      "mode": "managed",
      "type": "azurerm_windows_virtual_machine",
      "name": "vmwindows",
      "provider": "provider[\"registry.terraform.io/hashicorp/azurerm\"]",
      "instances": [
        {
          "index_key": "terraform-w-vm1",
          "schema_version": 0,
          "attributes": {
            "additional_capabilities": [],
            "additional_unattend_content": [],
            "admin_password": "Humber@6579",
            "admin_username": "n01476579",
            "allow_extension_operations": true,
            "availability_set_id": "/subscriptions/34e8df70-5767-4379-8032-f7153fed209b/resourceGroups/6579-assignment1-RG/providers/Microsoft.Compute/availabilitySets/WINDOWS-AVS",
            "boot_diagnostics": [],
            "computer_name": "terraform-w-vm1",
            "custom_data": null,
            "dedicated_host_group_id": "",
            "dedicated_host_id": "",
            "enable_automatic_updates": true,
            "encryption_at_host_enabled": false,
            "eviction_policy": "",
            "extensions_time_budget": "PT1H30M",
            "hotpatching_enabled": false,
            "id": "/subscriptions/34e8df70-5767-4379-8032-f7153fed209b/resourceGroups/6579-assignment1-RG/providers/Microsoft.Compute/virtualMachines/terraform-w-vm1",
            "identity": [],
            "license_type": "",
            "location": "centralus",
            "max_bid_price": -1,
            "name": "terraform-w-vm1",
            "network_interface_ids": [
              "/subscriptions/34e8df70-5767-4379-8032-f7153fed209b/resourceGroups/6579-assignment1-RG/providers/Microsoft.Network/networkInterfaces/terraform-w-vm1-nic"
            ],
            "os_disk": [
              {
                "caching": "ReadWrite",
                "diff_disk_settings": [],
                "disk_encryption_set_id": "",
                "disk_size_gb": 127,
                "name": "terraform-w-vm1-os-disk",
                "storage_account_type": "StandardSSD_LRS",
                "write_accelerator_enabled": false
              }
            ],
            "patch_mode": "AutomaticByOS",
            "plan": [],
            "platform_fault_domain": -1,
            "priority": "Regular",
            "private_ip_address": "10.0.1.4",
            "private_ip_addresses": [
              "10.0.1.4"
            ],
            "provision_vm_agent": true,
            "proximity_placement_group_id": "",
            "public_ip_address": "52.165.40.223",
            "public_ip_addresses": [
              "52.165.40.223"
            ],
            "resource_group_name": "6579-assignment1-RG",
            "secret": [],
            "secure_boot_enabled": false,
            "size": "Standard_B1s",
            "source_image_id": "",
            "source_image_reference": [
              {
                "offer": "WindowsServer",
                "publisher": "MicrosoftWindowsServer",
                "sku": "2019-Datacenter",
                "version": "latest"
              }
            ],
            "tags": {
              "Environment": "Lab",
              "ExpirationDate": "2022-03-08",
              "Name": "Ayush.Jain",
              "Project": "Automation Project – Assignment 1"
            },
            "timeouts": null,
            "timezone": "",
            "user_data": "",
            "virtual_machine_id": "f7d875ae-ddad-4fcf-810a-3ee11640883d",
            "virtual_machine_scale_set_id": "",
            "vtpm_enabled": false,
            "winrm_listener": [],
            "zone": ""
          },
          "sensitive_attributes": [],
          "private": "eyJlMmJmYjczMC1lY2FhLTExZTYtOGY4OC0zNDM2M2JjN2M0YzAiOnsiY3JlYXRlIjoyNzAwMDAwMDAwMDAwLCJkZWxldGUiOjI3MDAwMDAwMDAwMDAsInJlYWQiOjMwMDAwMDAwMDAwMCwidXBkYXRlIjoyNzAwMDAwMDAwMDAwfX0=",
          "dependencies": [
            "module.rgroup.azurerm_resource_group.rg_group",
            "module.vmwindows.azurerm_availability_set.avset",
            "module.vmwindows.azurerm_network_interface.windows_nic",
            "module.vmwindows.azurerm_public_ip.windows_pip",
            "module.network.azurerm_network_security_group.nsg1",
            "module.network.azurerm_subnet.subnet1",
            "module.network.azurerm_subnet_network_security_group_association.subnet_association1",
            "module.network.azurerm_virtual_network.vnet"
          ]
        }
      ]
    }
  ]
}
